// !$*UTF8*$!
{
	archiveVersion = 1;
	classes = {
	};
	objectVersion = 55;
	objects = {

/* Begin PBXBuildFile section */
		7848B8A91BE5223FD5AE8987 /* Pods_StayFit.framework in Frameworks */ = {isa = PBXBuildFile; fileRef = 3579F538D8CBF18228215CE6 /* Pods_StayFit.framework */; };
		D0049D8E296C1918009FFDD9 /* AppDelegate.swift in Sources */ = {isa = PBXBuildFile; fileRef = D0049D8D296C1918009FFDD9 /* AppDelegate.swift */; };
		D0049D90296C1918009FFDD9 /* SceneDelegate.swift in Sources */ = {isa = PBXBuildFile; fileRef = D0049D8F296C1918009FFDD9 /* SceneDelegate.swift */; };
		D0049D92296C1918009FFDD9 /* ViewController.swift in Sources */ = {isa = PBXBuildFile; fileRef = D0049D91296C1918009FFDD9 /* ViewController.swift */; };
		D0049D95296C1918009FFDD9 /* Main.storyboard in Resources */ = {isa = PBXBuildFile; fileRef = D0049D93296C1918009FFDD9 /* Main.storyboard */; };
		D0049D97296C1919009FFDD9 /* Assets.xcassets in Resources */ = {isa = PBXBuildFile; fileRef = D0049D96296C1919009FFDD9 /* Assets.xcassets */; };
		D0049D9A296C191A009FFDD9 /* LaunchScreen.storyboard in Resources */ = {isa = PBXBuildFile; fileRef = D0049D98296C191A009FFDD9 /* LaunchScreen.storyboard */; };
		D0049DA8296C199F009FFDD9 /* SplashScreen.storyboard in Resources */ = {isa = PBXBuildFile; fileRef = D0049DA7296C199F009FFDD9 /* SplashScreen.storyboard */; };
		D0049DAA296C19BC009FFDD9 /* SplashViewController.swift in Sources */ = {isa = PBXBuildFile; fileRef = D0049DA9296C19BC009FFDD9 /* SplashViewController.swift */; };
		D0049DAE296C1C76009FFDD9 /* CustomTextField.swift in Sources */ = {isa = PBXBuildFile; fileRef = D0049DAD296C1C76009FFDD9 /* CustomTextField.swift */; };
		D0049DB4296C1CE5009FFDD9 /* Register.storyboard in Resources */ = {isa = PBXBuildFile; fileRef = D0049DB3296C1CE5009FFDD9 /* Register.storyboard */; };
		D0049DB6296C1CFE009FFDD9 /* RegisterBaseViewController.swift in Sources */ = {isa = PBXBuildFile; fileRef = D0049DB5296C1CFE009FFDD9 /* RegisterBaseViewController.swift */; };
		D0049DB8296C1E44009FFDD9 /* OnboardingViewController.swift in Sources */ = {isa = PBXBuildFile; fileRef = D0049DB7296C1E44009FFDD9 /* OnboardingViewController.swift */; };
		D0049DBF296C22C1009FFDD9 /* iPhone11.plist in Resources */ = {isa = PBXBuildFile; fileRef = D0049DBA296C22C1009FFDD9 /* iPhone11.plist */; };
		D0049DC0296C22C1009FFDD9 /* iPhone6.plist in Resources */ = {isa = PBXBuildFile; fileRef = D0049DBB296C22C1009FFDD9 /* iPhone6.plist */; };
		D0049DC1296C22C1009FFDD9 /* iPhone.plist in Resources */ = {isa = PBXBuildFile; fileRef = D0049DBC296C22C1009FFDD9 /* iPhone.plist */; };
		D0049DC2296C22C1009FFDD9 /* Normal.plist in Resources */ = {isa = PBXBuildFile; fileRef = D0049DBD296C22C1009FFDD9 /* Normal.plist */; };
		D0049DC3296C22C1009FFDD9 /* iPhone6Plus.plist in Resources */ = {isa = PBXBuildFile; fileRef = D0049DBE296C22C1009FFDD9 /* iPhone6Plus.plist */; };
		D0049DC6296C2314009FFDD9 /* ThemeConstants.swift in Sources */ = {isa = PBXBuildFile; fileRef = D0049DC5296C2314009FFDD9 /* ThemeConstants.swift */; };
		D0049DC9296C24A1009FFDD9 /* Utils.swift in Sources */ = {isa = PBXBuildFile; fileRef = D0049DC8296C24A1009FFDD9 /* Utils.swift */; };
		D0049DCC296C25AA009FFDD9 /* Constants.swift in Sources */ = {isa = PBXBuildFile; fileRef = D0049DCB296C25AA009FFDD9 /* Constants.swift */; };
		D0049DD3296C2656009FFDD9 /* Enum.swift in Sources */ = {isa = PBXBuildFile; fileRef = D0049DD2296C2656009FFDD9 /* Enum.swift */; };
		D0049DD5296C27AE009FFDD9 /* Extensions.swift in Sources */ = {isa = PBXBuildFile; fileRef = D0049DD4296C27AE009FFDD9 /* Extensions.swift */; };
		D0049DD8296C296B009FFDD9 /* Storyboard.swift in Sources */ = {isa = PBXBuildFile; fileRef = D0049DD7296C296A009FFDD9 /* Storyboard.swift */; };
		D00B95E12977CD4000244DC0 /* PersonalDetailsVC.swift in Sources */ = {isa = PBXBuildFile; fileRef = D00B95E02977CD4000244DC0 /* PersonalDetailsVC.swift */; };
		D00B95E72977D1DE00244DC0 /* TextFieldCell.swift in Sources */ = {isa = PBXBuildFile; fileRef = D00B95E52977D1DE00244DC0 /* TextFieldCell.swift */; };
		D00B95E82977D1DE00244DC0 /* TextFieldCell.xib in Resources */ = {isa = PBXBuildFile; fileRef = D00B95E62977D1DE00244DC0 /* TextFieldCell.xib */; };
		D038A89C297A702600EDAED3 /* MBIndicatorView.m in Sources */ = {isa = PBXBuildFile; fileRef = D038A89B297A702600EDAED3 /* MBIndicatorView.m */; };
		D038A89E297A707600EDAED3 /* MBLCAnimatedPageControl.m in Sources */ = {isa = PBXBuildFile; fileRef = D038A89D297A707600EDAED3 /* MBLCAnimatedPageControl.m */; };
		D038A8A6297A97B400EDAED3 /* CarouselView.xib in Resources */ = {isa = PBXBuildFile; fileRef = D038A8A5297A97B400EDAED3 /* CarouselView.xib */; };
		D038A8A9297A97DE00EDAED3 /* CarouselView.swift in Sources */ = {isa = PBXBuildFile; fileRef = D038A8A8297A97DE00EDAED3 /* CarouselView.swift */; };
		D04E39822977E80C00528B7F /* CommonTextfieldEntity.swift in Sources */ = {isa = PBXBuildFile; fileRef = D04E39812977E80C00528B7F /* CommonTextfieldEntity.swift */; };
		D04E398929781EC200528B7F /* CardsViewController.swift in Sources */ = {isa = PBXBuildFile; fileRef = D04E398829781EC200528B7F /* CardsViewController.swift */; };
		D0A89391296EEA9B00B09DD4 /* CustomNavigationController.swift in Sources */ = {isa = PBXBuildFile; fileRef = D0A89390296EEA9B00B09DD4 /* CustomNavigationController.swift */; };
		D0BB2B9329976FF100AC59F7 /* ProfileViewController.swift in Sources */ = {isa = PBXBuildFile; fileRef = D0BB2B9229976FF100AC59F7 /* ProfileViewController.swift */; };
		D0C2E9F7299254C300FEAB92 /* TextFieldRightViewCell.swift in Sources */ = {isa = PBXBuildFile; fileRef = D0C2E9F5299254C300FEAB92 /* TextFieldRightViewCell.swift */; };
		D0C2E9F8299254C300FEAB92 /* TextFieldRightViewCell.xib in Resources */ = {isa = PBXBuildFile; fileRef = D0C2E9F6299254C300FEAB92 /* TextFieldRightViewCell.xib */; };
		D0C2E9FA299267C900FEAB92 /* WelcomeUserVC.swift in Sources */ = {isa = PBXBuildFile; fileRef = D0C2E9F9299267C900FEAB92 /* WelcomeUserVC.swift */; };
		D0C2E9FD29926EA900FEAB92 /* DashboardViewController.swift in Sources */ = {isa = PBXBuildFile; fileRef = D0C2E9FC29926EA900FEAB92 /* DashboardViewController.swift */; };
		D0C2EA0129926ECD00FEAB92 /* Dashboard.storyboard in Resources */ = {isa = PBXBuildFile; fileRef = D0C2EA0029926ECD00FEAB92 /* Dashboard.storyboard */; };
		D0DDF30929711F10003D3E30 /* fontello.ttf in Resources */ = {isa = PBXBuildFile; fileRef = D0DDF30829711F10003D3E30 /* fontello.ttf */; };
		D0DDF30B297128A5003D3E30 /* MBFontello.swift in Sources */ = {isa = PBXBuildFile; fileRef = D0DDF30A297128A5003D3E30 /* MBFontello.swift */; };
		D0DDF30E2971537F003D3E30 /* BaseViewController.swift in Sources */ = {isa = PBXBuildFile; fileRef = D0DDF30D2971537F003D3E30 /* BaseViewController.swift */; };
		D0DDF31629715EA2003D3E30 /* Poppins.ttf in Resources */ = {isa = PBXBuildFile; fileRef = D0DDF31429715EA2003D3E30 /* Poppins.ttf */; };
		D0DDF31B297172A0003D3E30 /* Poppins-SemiBold.ttf in Resources */ = {isa = PBXBuildFile; fileRef = D0DDF319297172A0003D3E30 /* Poppins-SemiBold.ttf */; };
		D0DDF31C297172A0003D3E30 /* Poppins-Bold.ttf in Resources */ = {isa = PBXBuildFile; fileRef = D0DDF31A297172A0003D3E30 /* Poppins-Bold.ttf */; };
		D0DDF32029717BBB003D3E30 /* Login.storyboard in Resources */ = {isa = PBXBuildFile; fileRef = D0DDF31F29717BBB003D3E30 /* Login.storyboard */; };
		D0DDF32229717BCA003D3E30 /* LoginViewController.swift in Sources */ = {isa = PBXBuildFile; fileRef = D0DDF32129717BCA003D3E30 /* LoginViewController.swift */; };
		D0F32FF2296FD91E00D9390B /* SecondTourViewController.swift in Sources */ = {isa = PBXBuildFile; fileRef = D0F32FF1296FD91E00D9390B /* SecondTourViewController.swift */; };
		D0F32FF4296FD92E00D9390B /* ThirdTourViewController.swift in Sources */ = {isa = PBXBuildFile; fileRef = D0F32FF3296FD92E00D9390B /* ThirdTourViewController.swift */; };
		D0F32FF6296FD93D00D9390B /* FourthTourViewController.swift in Sources */ = {isa = PBXBuildFile; fileRef = D0F32FF5296FD93D00D9390B /* FourthTourViewController.swift */; };
		D0FB8466296ED9920079482A /* FirstTourViewController.swift in Sources */ = {isa = PBXBuildFile; fileRef = D0FB8465296ED9920079482A /* FirstTourViewController.swift */; };
/* End PBXBuildFile section */

/* Begin PBXFileReference section */
		3579F538D8CBF18228215CE6 /* Pods_StayFit.framework */ = {isa = PBXFileReference; explicitFileType = wrapper.framework; includeInIndex = 0; path = Pods_StayFit.framework; sourceTree = BUILT_PRODUCTS_DIR; };
		7C532F16D8D7AB7318E1EAEB /* Pods-StayFit.release.xcconfig */ = {isa = PBXFileReference; includeInIndex = 1; lastKnownFileType = text.xcconfig; name = "Pods-StayFit.release.xcconfig"; path = "Target Support Files/Pods-StayFit/Pods-StayFit.release.xcconfig"; sourceTree = "<group>"; };
		D0049D8A296C1918009FFDD9 /* StayFit.app */ = {isa = PBXFileReference; explicitFileType = wrapper.application; includeInIndex = 0; path = StayFit.app; sourceTree = BUILT_PRODUCTS_DIR; };
		D0049D8D296C1918009FFDD9 /* AppDelegate.swift */ = {isa = PBXFileReference; lastKnownFileType = sourcecode.swift; path = AppDelegate.swift; sourceTree = "<group>"; };
		D0049D8F296C1918009FFDD9 /* SceneDelegate.swift */ = {isa = PBXFileReference; lastKnownFileType = sourcecode.swift; path = SceneDelegate.swift; sourceTree = "<group>"; };
		D0049D91296C1918009FFDD9 /* ViewController.swift */ = {isa = PBXFileReference; lastKnownFileType = sourcecode.swift; path = ViewController.swift; sourceTree = "<group>"; };
		D0049D94296C1918009FFDD9 /* Base */ = {isa = PBXFileReference; lastKnownFileType = file.storyboard; name = Base; path = Base.lproj/Main.storyboard; sourceTree = "<group>"; };
		D0049D96296C1919009FFDD9 /* Assets.xcassets */ = {isa = PBXFileReference; lastKnownFileType = folder.assetcatalog; path = Assets.xcassets; sourceTree = "<group>"; };
		D0049D99296C191A009FFDD9 /* Base */ = {isa = PBXFileReference; lastKnownFileType = file.storyboard; name = Base; path = Base.lproj/LaunchScreen.storyboard; sourceTree = "<group>"; };
		D0049D9B296C191A009FFDD9 /* Info.plist */ = {isa = PBXFileReference; lastKnownFileType = text.plist.xml; path = Info.plist; sourceTree = "<group>"; };
		D0049DA7296C199F009FFDD9 /* SplashScreen.storyboard */ = {isa = PBXFileReference; lastKnownFileType = file.storyboard; path = SplashScreen.storyboard; sourceTree = "<group>"; };
		D0049DA9296C19BC009FFDD9 /* SplashViewController.swift */ = {isa = PBXFileReference; lastKnownFileType = sourcecode.swift; path = SplashViewController.swift; sourceTree = "<group>"; };
		D0049DAD296C1C76009FFDD9 /* CustomTextField.swift */ = {isa = PBXFileReference; lastKnownFileType = sourcecode.swift; path = CustomTextField.swift; sourceTree = "<group>"; };
		D0049DB3296C1CE5009FFDD9 /* Register.storyboard */ = {isa = PBXFileReference; lastKnownFileType = file.storyboard; path = Register.storyboard; sourceTree = "<group>"; };
		D0049DB5296C1CFE009FFDD9 /* RegisterBaseViewController.swift */ = {isa = PBXFileReference; lastKnownFileType = sourcecode.swift; path = RegisterBaseViewController.swift; sourceTree = "<group>"; };
		D0049DB7296C1E44009FFDD9 /* OnboardingViewController.swift */ = {isa = PBXFileReference; lastKnownFileType = sourcecode.swift; path = OnboardingViewController.swift; sourceTree = "<group>"; };
		D0049DBA296C22C1009FFDD9 /* iPhone11.plist */ = {isa = PBXFileReference; fileEncoding = 4; lastKnownFileType = text.plist.xml; path = iPhone11.plist; sourceTree = "<group>"; };
		D0049DBB296C22C1009FFDD9 /* iPhone6.plist */ = {isa = PBXFileReference; fileEncoding = 4; lastKnownFileType = text.plist.xml; path = iPhone6.plist; sourceTree = "<group>"; };
		D0049DBC296C22C1009FFDD9 /* iPhone.plist */ = {isa = PBXFileReference; fileEncoding = 4; lastKnownFileType = text.plist.xml; path = iPhone.plist; sourceTree = "<group>"; };
		D0049DBD296C22C1009FFDD9 /* Normal.plist */ = {isa = PBXFileReference; fileEncoding = 4; lastKnownFileType = text.plist.xml; path = Normal.plist; sourceTree = "<group>"; };
		D0049DBE296C22C1009FFDD9 /* iPhone6Plus.plist */ = {isa = PBXFileReference; fileEncoding = 4; lastKnownFileType = text.plist.xml; path = iPhone6Plus.plist; sourceTree = "<group>"; };
		D0049DC5296C2314009FFDD9 /* ThemeConstants.swift */ = {isa = PBXFileReference; lastKnownFileType = sourcecode.swift; path = ThemeConstants.swift; sourceTree = "<group>"; };
		D0049DC8296C24A1009FFDD9 /* Utils.swift */ = {isa = PBXFileReference; lastKnownFileType = sourcecode.swift; path = Utils.swift; sourceTree = "<group>"; };
		D0049DCB296C25AA009FFDD9 /* Constants.swift */ = {isa = PBXFileReference; lastKnownFileType = sourcecode.swift; path = Constants.swift; sourceTree = "<group>"; };
		D0049DD2296C2656009FFDD9 /* Enum.swift */ = {isa = PBXFileReference; lastKnownFileType = sourcecode.swift; path = Enum.swift; sourceTree = "<group>"; };
		D0049DD4296C27AE009FFDD9 /* Extensions.swift */ = {isa = PBXFileReference; lastKnownFileType = sourcecode.swift; path = Extensions.swift; sourceTree = "<group>"; };
		D0049DD7296C296A009FFDD9 /* Storyboard.swift */ = {isa = PBXFileReference; lastKnownFileType = sourcecode.swift; path = Storyboard.swift; sourceTree = "<group>"; };
		D00B95E02977CD4000244DC0 /* PersonalDetailsVC.swift */ = {isa = PBXFileReference; lastKnownFileType = sourcecode.swift; path = PersonalDetailsVC.swift; sourceTree = "<group>"; };
		D00B95E52977D1DE00244DC0 /* TextFieldCell.swift */ = {isa = PBXFileReference; lastKnownFileType = sourcecode.swift; path = TextFieldCell.swift; sourceTree = "<group>"; };
		D00B95E62977D1DE00244DC0 /* TextFieldCell.xib */ = {isa = PBXFileReference; lastKnownFileType = file.xib; path = TextFieldCell.xib; sourceTree = "<group>"; };
		D038A89A297A6FC500EDAED3 /* MBIndicatorView.h */ = {isa = PBXFileReference; lastKnownFileType = sourcecode.c.h; path = MBIndicatorView.h; sourceTree = "<group>"; };
		D038A89B297A702600EDAED3 /* MBIndicatorView.m */ = {isa = PBXFileReference; lastKnownFileType = sourcecode.c.objc; path = MBIndicatorView.m; sourceTree = "<group>"; };
		D038A89D297A707600EDAED3 /* MBLCAnimatedPageControl.m */ = {isa = PBXFileReference; lastKnownFileType = sourcecode.c.objc; path = MBLCAnimatedPageControl.m; sourceTree = "<group>"; };
		D038A8A0297A709F00EDAED3 /* MBLCAnimatedPageControl.h */ = {isa = PBXFileReference; lastKnownFileType = sourcecode.c.h; path = MBLCAnimatedPageControl.h; sourceTree = "<group>"; };
		D038A8A5297A97B400EDAED3 /* CarouselView.xib */ = {isa = PBXFileReference; lastKnownFileType = file.xib; path = CarouselView.xib; sourceTree = "<group>"; };
		D038A8A8297A97DE00EDAED3 /* CarouselView.swift */ = {isa = PBXFileReference; lastKnownFileType = sourcecode.swift; path = CarouselView.swift; sourceTree = "<group>"; };
		D04E39812977E80C00528B7F /* CommonTextfieldEntity.swift */ = {isa = PBXFileReference; lastKnownFileType = sourcecode.swift; path = CommonTextfieldEntity.swift; sourceTree = "<group>"; };
		D04E398829781EC200528B7F /* CardsViewController.swift */ = {isa = PBXFileReference; lastKnownFileType = sourcecode.swift; path = CardsViewController.swift; sourceTree = "<group>"; };
		D0A89390296EEA9B00B09DD4 /* CustomNavigationController.swift */ = {isa = PBXFileReference; lastKnownFileType = sourcecode.swift; path = CustomNavigationController.swift; sourceTree = "<group>"; };
		D0BB2B9229976FF100AC59F7 /* ProfileViewController.swift */ = {isa = PBXFileReference; lastKnownFileType = sourcecode.swift; path = ProfileViewController.swift; sourceTree = "<group>"; };
		D0C2E9F5299254C300FEAB92 /* TextFieldRightViewCell.swift */ = {isa = PBXFileReference; lastKnownFileType = sourcecode.swift; path = TextFieldRightViewCell.swift; sourceTree = "<group>"; };
		D0C2E9F6299254C300FEAB92 /* TextFieldRightViewCell.xib */ = {isa = PBXFileReference; lastKnownFileType = file.xib; path = TextFieldRightViewCell.xib; sourceTree = "<group>"; };
		D0C2E9F9299267C900FEAB92 /* WelcomeUserVC.swift */ = {isa = PBXFileReference; lastKnownFileType = sourcecode.swift; path = WelcomeUserVC.swift; sourceTree = "<group>"; };
		D0C2E9FC29926EA900FEAB92 /* DashboardViewController.swift */ = {isa = PBXFileReference; lastKnownFileType = sourcecode.swift; path = DashboardViewController.swift; sourceTree = "<group>"; };
		D0C2EA0029926ECD00FEAB92 /* Dashboard.storyboard */ = {isa = PBXFileReference; lastKnownFileType = file.storyboard; path = Dashboard.storyboard; sourceTree = "<group>"; };
		D0DDF30829711F10003D3E30 /* fontello.ttf */ = {isa = PBXFileReference; lastKnownFileType = file; path = fontello.ttf; sourceTree = "<group>"; };
		D0DDF30A297128A5003D3E30 /* MBFontello.swift */ = {isa = PBXFileReference; lastKnownFileType = sourcecode.swift; path = MBFontello.swift; sourceTree = "<group>"; };
		D0DDF30D2971537F003D3E30 /* BaseViewController.swift */ = {isa = PBXFileReference; lastKnownFileType = sourcecode.swift; path = BaseViewController.swift; sourceTree = "<group>"; };
		D0DDF31429715EA2003D3E30 /* Poppins.ttf */ = {isa = PBXFileReference; lastKnownFileType = file; path = Poppins.ttf; sourceTree = "<group>"; };
		D0DDF319297172A0003D3E30 /* Poppins-SemiBold.ttf */ = {isa = PBXFileReference; lastKnownFileType = file; path = "Poppins-SemiBold.ttf"; sourceTree = "<group>"; };
		D0DDF31A297172A0003D3E30 /* Poppins-Bold.ttf */ = {isa = PBXFileReference; lastKnownFileType = file; path = "Poppins-Bold.ttf"; sourceTree = "<group>"; };
		D0DDF31F29717BBB003D3E30 /* Login.storyboard */ = {isa = PBXFileReference; lastKnownFileType = file.storyboard; path = Login.storyboard; sourceTree = "<group>"; };
		D0DDF32129717BCA003D3E30 /* LoginViewController.swift */ = {isa = PBXFileReference; lastKnownFileType = sourcecode.swift; path = LoginViewController.swift; sourceTree = "<group>"; };
		D0F32FF1296FD91E00D9390B /* SecondTourViewController.swift */ = {isa = PBXFileReference; lastKnownFileType = sourcecode.swift; path = SecondTourViewController.swift; sourceTree = "<group>"; };
		D0F32FF3296FD92E00D9390B /* ThirdTourViewController.swift */ = {isa = PBXFileReference; lastKnownFileType = sourcecode.swift; path = ThirdTourViewController.swift; sourceTree = "<group>"; };
		D0F32FF5296FD93D00D9390B /* FourthTourViewController.swift */ = {isa = PBXFileReference; lastKnownFileType = sourcecode.swift; path = FourthTourViewController.swift; sourceTree = "<group>"; };
		D0FB834C296EB8950079482A /* StayFit-Bridging-Header.h */ = {isa = PBXFileReference; fileEncoding = 4; lastKnownFileType = sourcecode.c.h; path = "StayFit-Bridging-Header.h"; sourceTree = "<group>"; };
		D0FB8465296ED9920079482A /* FirstTourViewController.swift */ = {isa = PBXFileReference; lastKnownFileType = sourcecode.swift; path = FirstTourViewController.swift; sourceTree = "<group>"; };
		FA1A19B2028BB11225624E57 /* Pods-StayFit.debug.xcconfig */ = {isa = PBXFileReference; includeInIndex = 1; lastKnownFileType = text.xcconfig; name = "Pods-StayFit.debug.xcconfig"; path = "Target Support Files/Pods-StayFit/Pods-StayFit.debug.xcconfig"; sourceTree = "<group>"; };
/* End PBXFileReference section */

/* Begin PBXFrameworksBuildPhase section */
		D0049D87296C1918009FFDD9 /* Frameworks */ = {
			isa = PBXFrameworksBuildPhase;
			buildActionMask = 2147483647;
			files = (
				7848B8A91BE5223FD5AE8987 /* Pods_StayFit.framework in Frameworks */,
			);
			runOnlyForDeploymentPostprocessing = 0;
		};
/* End PBXFrameworksBuildPhase section */

/* Begin PBXGroup section */
		8ECD5A4001077424421D9511 /* Pods */ = {
			isa = PBXGroup;
			children = (
				FA1A19B2028BB11225624E57 /* Pods-StayFit.debug.xcconfig */,
				7C532F16D8D7AB7318E1EAEB /* Pods-StayFit.release.xcconfig */,
			);
			path = Pods;
			sourceTree = "<group>";
		};
		D0049D81296C1917009FFDD9 = {
			isa = PBXGroup;
			children = (
				D0049D8C296C1918009FFDD9 /* StayFit */,
				D0049D8B296C1918009FFDD9 /* Products */,
				8ECD5A4001077424421D9511 /* Pods */,
				F119059B1A807C3404A6EE27 /* Frameworks */,
			);
			sourceTree = "<group>";
		};
		D0049D8B296C1918009FFDD9 /* Products */ = {
			isa = PBXGroup;
			children = (
				D0049D8A296C1918009FFDD9 /* StayFit.app */,
			);
			name = Products;
			sourceTree = "<group>";
		};
		D0049D8C296C1918009FFDD9 /* StayFit */ = {
			isa = PBXGroup;
			children = (
				D0FB834C296EB8950079482A /* StayFit-Bridging-Header.h */,
				D0049DA1296C1923009FFDD9 /* AppDelegate */,
				D0049DA2296C1938009FFDD9 /* PreLogin */,
				D0049DA3296C193F009FFDD9 /* PostLogin */,
				D0049DAB296C1C5E009FFDD9 /* Common */,
				D0049DB9296C2295009FFDD9 /* FontPlists */,
				D0FB83DB296EC1080079482A /* SVGFiles */,
				D0049D91296C1918009FFDD9 /* ViewController.swift */,
				D0049D93296C1918009FFDD9 /* Main.storyboard */,
				D0049D96296C1919009FFDD9 /* Assets.xcassets */,
				D0049D98296C191A009FFDD9 /* LaunchScreen.storyboard */,
				D0049D9B296C191A009FFDD9 /* Info.plist */,
			);
			path = StayFit;
			sourceTree = "<group>";
		};
		D0049DA1296C1923009FFDD9 /* AppDelegate */ = {
			isa = PBXGroup;
			children = (
				D0049D8D296C1918009FFDD9 /* AppDelegate.swift */,
				D0049D8F296C1918009FFDD9 /* SceneDelegate.swift */,
			);
			path = AppDelegate;
			sourceTree = "<group>";
		};
		D0049DA2296C1938009FFDD9 /* PreLogin */ = {
			isa = PBXGroup;
			children = (
				D0049DB0296C1CCE009FFDD9 /* Login */,
				D0049DAF296C1CC6009FFDD9 /* Registration */,
				D0049DA4296C194D009FFDD9 /* LaunchScreen */,
			);
			path = PreLogin;
			sourceTree = "<group>";
		};
		D0049DA3296C193F009FFDD9 /* PostLogin */ = {
			isa = PBXGroup;
			children = (
				D0C2E9FB29926E9400FEAB92 /* Dashboard */,
				D0DDF30C2971535E003D3E30 /* BaseClasses */,
			);
			path = PostLogin;
			sourceTree = "<group>";
		};
		D0049DA4296C194D009FFDD9 /* LaunchScreen */ = {
			isa = PBXGroup;
			children = (
				D0049DA6296C1968009FFDD9 /* Controller */,
				D0049DA5296C1960009FFDD9 /* Storyboard */,
			);
			path = LaunchScreen;
			sourceTree = "<group>";
		};
		D0049DA5296C1960009FFDD9 /* Storyboard */ = {
			isa = PBXGroup;
			children = (
				D0049DA7296C199F009FFDD9 /* SplashScreen.storyboard */,
			);
			path = Storyboard;
			sourceTree = "<group>";
		};
		D0049DA6296C1968009FFDD9 /* Controller */ = {
			isa = PBXGroup;
			children = (
				D0049DA9296C19BC009FFDD9 /* SplashViewController.swift */,
			);
			path = Controller;
			sourceTree = "<group>";
		};
		D0049DAB296C1C5E009FFDD9 /* Common */ = {
			isa = PBXGroup;
			children = (
				D038A897297A6EEE00EDAED3 /* PageControl */,
				D04E398329781DBA00528B7F /* CarouselView */,
				D00B95E22977D05500244DC0 /* TableViewCell */,
				D0DDF30729711EF3003D3E30 /* Fontello */,
				D0A8938F296EEA7F00B09DD4 /* NavigationController */,
				D0049DD6296C294C009FFDD9 /* Identifiers */,
				D0049DD0296C2640009FFDD9 /* Enum */,
				D0049DCE296C260E009FFDD9 /* Extension */,
				D0049DCA296C259D009FFDD9 /* Constants */,
				D0049DC7296C240F009FFDD9 /* Utils */,
				D0049DC4296C2300009FFDD9 /* ThemeConstants */,
				D0049DAC296C1C64009FFDD9 /* CustomTextfield */,
			);
			path = Common;
			sourceTree = "<group>";
		};
		D0049DAC296C1C64009FFDD9 /* CustomTextfield */ = {
			isa = PBXGroup;
			children = (
				D0049DAD296C1C76009FFDD9 /* CustomTextField.swift */,
			);
			path = CustomTextfield;
			sourceTree = "<group>";
		};
		D0049DAF296C1CC6009FFDD9 /* Registration */ = {
			isa = PBXGroup;
			children = (
				D00B95E92977E77600244DC0 /* Model */,
				D0049DB2296C1CD9009FFDD9 /* Controller */,
				D0049DB1296C1CD3009FFDD9 /* Storyboard */,
			);
			path = Registration;
			sourceTree = "<group>";
		};
		D0049DB0296C1CCE009FFDD9 /* Login */ = {
			isa = PBXGroup;
			children = (
				D0DDF31E29717BAF003D3E30 /* Storyboard */,
				D0DDF31D29717BA8003D3E30 /* Controller */,
			);
			path = Login;
			sourceTree = "<group>";
		};
		D0049DB1296C1CD3009FFDD9 /* Storyboard */ = {
			isa = PBXGroup;
			children = (
				D0049DB3296C1CE5009FFDD9 /* Register.storyboard */,
			);
			path = Storyboard;
			sourceTree = "<group>";
		};
		D0049DB2296C1CD9009FFDD9 /* Controller */ = {
			isa = PBXGroup;
			children = (
				D00B95DF2977CCEB00244DC0 /* ProfileJourney */,
				D0049DB5296C1CFE009FFDD9 /* RegisterBaseViewController.swift */,
				D0049DB7296C1E44009FFDD9 /* OnboardingViewController.swift */,
				D0FB8465296ED9920079482A /* FirstTourViewController.swift */,
				D0F32FF1296FD91E00D9390B /* SecondTourViewController.swift */,
				D0F32FF3296FD92E00D9390B /* ThirdTourViewController.swift */,
				D0F32FF5296FD93D00D9390B /* FourthTourViewController.swift */,
			);
			path = Controller;
			sourceTree = "<group>";
		};
		D0049DB9296C2295009FFDD9 /* FontPlists */ = {
			isa = PBXGroup;
			children = (
				D0049DBC296C22C1009FFDD9 /* iPhone.plist */,
				D0049DBB296C22C1009FFDD9 /* iPhone6.plist */,
				D0049DBE296C22C1009FFDD9 /* iPhone6Plus.plist */,
				D0049DBA296C22C1009FFDD9 /* iPhone11.plist */,
				D0049DBD296C22C1009FFDD9 /* Normal.plist */,
			);
			path = FontPlists;
			sourceTree = "<group>";
		};
		D0049DC4296C2300009FFDD9 /* ThemeConstants */ = {
			isa = PBXGroup;
			children = (
				D0049DC5296C2314009FFDD9 /* ThemeConstants.swift */,
			);
			path = ThemeConstants;
			sourceTree = "<group>";
		};
		D0049DC7296C240F009FFDD9 /* Utils */ = {
			isa = PBXGroup;
			children = (
				D0049DC8296C24A1009FFDD9 /* Utils.swift */,
			);
			path = Utils;
			sourceTree = "<group>";
		};
		D0049DCA296C259D009FFDD9 /* Constants */ = {
			isa = PBXGroup;
			children = (
				D0049DCB296C25AA009FFDD9 /* Constants.swift */,
			);
			path = Constants;
			sourceTree = "<group>";
		};
		D0049DCE296C260E009FFDD9 /* Extension */ = {
			isa = PBXGroup;
			children = (
				D0049DD4296C27AE009FFDD9 /* Extensions.swift */,
			);
			path = Extension;
			sourceTree = "<group>";
		};
		D0049DD0296C2640009FFDD9 /* Enum */ = {
			isa = PBXGroup;
			children = (
				D0049DD2296C2656009FFDD9 /* Enum.swift */,
			);
			path = Enum;
			sourceTree = "<group>";
		};
		D0049DD6296C294C009FFDD9 /* Identifiers */ = {
			isa = PBXGroup;
			children = (
				D0049DD7296C296A009FFDD9 /* Storyboard.swift */,
			);
			path = Identifiers;
			sourceTree = "<group>";
		};
		D00B95DF2977CCEB00244DC0 /* ProfileJourney */ = {
			isa = PBXGroup;
			children = (
				D00B95E02977CD4000244DC0 /* PersonalDetailsVC.swift */,
				D04E398829781EC200528B7F /* CardsViewController.swift */,
			);
			path = ProfileJourney;
			sourceTree = "<group>";
		};
		D00B95E22977D05500244DC0 /* TableViewCell */ = {
			isa = PBXGroup;
			children = (
				D00B95E52977D1DE00244DC0 /* TextFieldCell.swift */,
				D00B95E62977D1DE00244DC0 /* TextFieldCell.xib */,
				D038A8A5297A97B400EDAED3 /* CarouselView.xib */,
				D038A8A8297A97DE00EDAED3 /* CarouselView.swift */,
				D0C2E9F5299254C300FEAB92 /* TextFieldRightViewCell.swift */,
				D0C2E9F6299254C300FEAB92 /* TextFieldRightViewCell.xib */,
			);
			path = TableViewCell;
			sourceTree = "<group>";
		};
		D00B95E92977E77600244DC0 /* Model */ = {
			isa = PBXGroup;
			children = (
				D04E39812977E80C00528B7F /* CommonTextfieldEntity.swift */,
			);
			path = Model;
			sourceTree = "<group>";
		};
		D038A897297A6EEE00EDAED3 /* PageControl */ = {
			isa = PBXGroup;
			children = (
				D038A89A297A6FC500EDAED3 /* MBIndicatorView.h */,
				D038A89B297A702600EDAED3 /* MBIndicatorView.m */,
				D038A89D297A707600EDAED3 /* MBLCAnimatedPageControl.m */,
				D038A8A0297A709F00EDAED3 /* MBLCAnimatedPageControl.h */,
			);
			path = PageControl;
			sourceTree = "<group>";
		};
		D04E398329781DBA00528B7F /* CarouselView */ = {
			isa = PBXGroup;
			children = (
			);
			path = CarouselView;
			sourceTree = "<group>";
		};
		D0A8938F296EEA7F00B09DD4 /* NavigationController */ = {
			isa = PBXGroup;
			children = (
				D0A89390296EEA9B00B09DD4 /* CustomNavigationController.swift */,
			);
			path = NavigationController;
			sourceTree = "<group>";
		};
		D0C2E9FB29926E9400FEAB92 /* Dashboard */ = {
			isa = PBXGroup;
			children = (
				D0C2E9FF29926EB900FEAB92 /* Controller */,
				D0C2E9FE29926EB200FEAB92 /* Storyboard */,
			);
			path = Dashboard;
			sourceTree = "<group>";
		};
		D0C2E9FE29926EB200FEAB92 /* Storyboard */ = {
			isa = PBXGroup;
			children = (
				D0C2EA0029926ECD00FEAB92 /* Dashboard.storyboard */,
			);
			path = Storyboard;
			sourceTree = "<group>";
		};
		D0C2E9FF29926EB900FEAB92 /* Controller */ = {
			isa = PBXGroup;
			children = (
				D0C2E9FC29926EA900FEAB92 /* DashboardViewController.swift */,
				D0BB2B9229976FF100AC59F7 /* ProfileViewController.swift */,
			);
			path = Controller;
			sourceTree = "<group>";
		};
		D0DDF30729711EF3003D3E30 /* Fontello */ = {
			isa = PBXGroup;
			children = (
				D0DDF31A297172A0003D3E30 /* Poppins-Bold.ttf */,
				D0DDF319297172A0003D3E30 /* Poppins-SemiBold.ttf */,
				D0DDF31429715EA2003D3E30 /* Poppins.ttf */,
				D0DDF30829711F10003D3E30 /* fontello.ttf */,
				D0DDF30A297128A5003D3E30 /* MBFontello.swift */,
			);
			path = Fontello;
			sourceTree = "<group>";
		};
		D0DDF30C2971535E003D3E30 /* BaseClasses */ = {
			isa = PBXGroup;
			children = (
				D0DDF30D2971537F003D3E30 /* BaseViewController.swift */,
			);
			path = BaseClasses;
			sourceTree = "<group>";
		};
		D0DDF31D29717BA8003D3E30 /* Controller */ = {
			isa = PBXGroup;
			children = (
				D0DDF32129717BCA003D3E30 /* LoginViewController.swift */,
				D0C2E9F9299267C900FEAB92 /* WelcomeUserVC.swift */,
			);
			path = Controller;
			sourceTree = "<group>";
		};
		D0DDF31E29717BAF003D3E30 /* Storyboard */ = {
			isa = PBXGroup;
			children = (
				D0DDF31F29717BBB003D3E30 /* Login.storyboard */,
			);
			path = Storyboard;
			sourceTree = "<group>";
		};
		D0FB83DB296EC1080079482A /* SVGFiles */ = {
			isa = PBXGroup;
			children = (
			);
			path = SVGFiles;
			sourceTree = "<group>";
		};
		F119059B1A807C3404A6EE27 /* Frameworks */ = {
			isa = PBXGroup;
			children = (
				3579F538D8CBF18228215CE6 /* Pods_StayFit.framework */,
			);
			name = Frameworks;
			sourceTree = "<group>";
		};
/* End PBXGroup section */

/* Begin PBXNativeTarget section */
		D0049D89296C1918009FFDD9 /* StayFit */ = {
			isa = PBXNativeTarget;
			buildConfigurationList = D0049D9E296C191A009FFDD9 /* Build configuration list for PBXNativeTarget "StayFit" */;
			buildPhases = (
				2C6D3CE100AA51EE207C98F3 /* [CP] Check Pods Manifest.lock */,
				D0049D86296C1918009FFDD9 /* Sources */,
				D0049D87296C1918009FFDD9 /* Frameworks */,
				D0049D88296C1918009FFDD9 /* Resources */,
				5458533AC992771C79736FC5 /* [CP] Embed Pods Frameworks */,
			);
			buildRules = (
			);
			dependencies = (
			);
			name = StayFit;
			productName = StayFit;
			productReference = D0049D8A296C1918009FFDD9 /* StayFit.app */;
			productType = "com.apple.product-type.application";
		};
/* End PBXNativeTarget section */

/* Begin PBXProject section */
		D0049D82296C1917009FFDD9 /* Project object */ = {
			isa = PBXProject;
			attributes = {
				BuildIndependentTargetsInParallel = 1;
				LastSwiftUpdateCheck = 1330;
				LastUpgradeCheck = 1330;
				TargetAttributes = {
					D0049D89296C1918009FFDD9 = {
						CreatedOnToolsVersion = 13.3;
					};
				};
			};
			buildConfigurationList = D0049D85296C1917009FFDD9 /* Build configuration list for PBXProject "StayFit" */;
			compatibilityVersion = "Xcode 13.0";
			developmentRegion = en;
			hasScannedForEncodings = 0;
			knownRegions = (
				en,
				Base,
			);
			mainGroup = D0049D81296C1917009FFDD9;
			productRefGroup = D0049D8B296C1918009FFDD9 /* Products */;
			projectDirPath = "";
			projectRoot = "";
			targets = (
				D0049D89296C1918009FFDD9 /* StayFit */,
			);
		};
/* End PBXProject section */

/* Begin PBXResourcesBuildPhase section */
		D0049D88296C1918009FFDD9 /* Resources */ = {
			isa = PBXResourcesBuildPhase;
			buildActionMask = 2147483647;
			files = (
				D0049DC0296C22C1009FFDD9 /* iPhone6.plist in Resources */,
				D0C2E9F8299254C300FEAB92 /* TextFieldRightViewCell.xib in Resources */,
				D0049DC1296C22C1009FFDD9 /* iPhone.plist in Resources */,
				D0049DC3296C22C1009FFDD9 /* iPhone6Plus.plist in Resources */,
				D0DDF30929711F10003D3E30 /* fontello.ttf in Resources */,
				D0DDF31B297172A0003D3E30 /* Poppins-SemiBold.ttf in Resources */,
				D0C2EA0129926ECD00FEAB92 /* Dashboard.storyboard in Resources */,
				D0049DA8296C199F009FFDD9 /* SplashScreen.storyboard in Resources */,
				D0049D9A296C191A009FFDD9 /* LaunchScreen.storyboard in Resources */,
				D0DDF31629715EA2003D3E30 /* Poppins.ttf in Resources */,
				D0DDF32029717BBB003D3E30 /* Login.storyboard in Resources */,
				D0049D97296C1919009FFDD9 /* Assets.xcassets in Resources */,
				D0DDF31C297172A0003D3E30 /* Poppins-Bold.ttf in Resources */,
				D00B95E82977D1DE00244DC0 /* TextFieldCell.xib in Resources */,
				D0049DC2296C22C1009FFDD9 /* Normal.plist in Resources */,
				D0049DBF296C22C1009FFDD9 /* iPhone11.plist in Resources */,
				D0049D95296C1918009FFDD9 /* Main.storyboard in Resources */,
				D0049DB4296C1CE5009FFDD9 /* Register.storyboard in Resources */,
				D038A8A6297A97B400EDAED3 /* CarouselView.xib in Resources */,
			);
			runOnlyForDeploymentPostprocessing = 0;
		};
/* End PBXResourcesBuildPhase section */

/* Begin PBXShellScriptBuildPhase section */
		2C6D3CE100AA51EE207C98F3 /* [CP] Check Pods Manifest.lock */ = {
			isa = PBXShellScriptBuildPhase;
			buildActionMask = 2147483647;
			files = (
			);
			inputFileListPaths = (
			);
			inputPaths = (
				"${PODS_PODFILE_DIR_PATH}/Podfile.lock",
				"${PODS_ROOT}/Manifest.lock",
			);
			name = "[CP] Check Pods Manifest.lock";
			outputFileListPaths = (
			);
			outputPaths = (
				"$(DERIVED_FILE_DIR)/Pods-StayFit-checkManifestLockResult.txt",
			);
			runOnlyForDeploymentPostprocessing = 0;
			shellPath = /bin/sh;
			shellScript = "diff \"${PODS_PODFILE_DIR_PATH}/Podfile.lock\" \"${PODS_ROOT}/Manifest.lock\" > /dev/null\nif [ $? != 0 ] ; then\n    # print error to STDERR\n    echo \"error: The sandbox is not in sync with the Podfile.lock. Run 'pod install' or update your CocoaPods installation.\" >&2\n    exit 1\nfi\n# This output is used by Xcode 'outputs' to avoid re-running this script phase.\necho \"SUCCESS\" > \"${SCRIPT_OUTPUT_FILE_0}\"\n";
			showEnvVarsInLog = 0;
		};
		5458533AC992771C79736FC5 /* [CP] Embed Pods Frameworks */ = {
			isa = PBXShellScriptBuildPhase;
			buildActionMask = 2147483647;
			files = (
			);
			inputFileListPaths = (
				"${PODS_ROOT}/Target Support Files/Pods-StayFit/Pods-StayFit-frameworks-${CONFIGURATION}-input-files.xcfilelist",
			);
			name = "[CP] Embed Pods Frameworks";
			outputFileListPaths = (
				"${PODS_ROOT}/Target Support Files/Pods-StayFit/Pods-StayFit-frameworks-${CONFIGURATION}-output-files.xcfilelist",
			);
			runOnlyForDeploymentPostprocessing = 0;
			shellPath = /bin/sh;
			shellScript = "\"${PODS_ROOT}/Target Support Files/Pods-StayFit/Pods-StayFit-frameworks.sh\"\n";
			showEnvVarsInLog = 0;
		};
/* End PBXShellScriptBuildPhase section */

/* Begin PBXSourcesBuildPhase section */
		D0049D86296C1918009FFDD9 /* Sources */ = {
			isa = PBXSourcesBuildPhase;
			buildActionMask = 2147483647;
			files = (
				D0DDF32229717BCA003D3E30 /* LoginViewController.swift in Sources */,
				D0F32FF6296FD93D00D9390B /* FourthTourViewController.swift in Sources */,
				D0049D92296C1918009FFDD9 /* ViewController.swift in Sources */,
				D0049D8E296C1918009FFDD9 /* AppDelegate.swift in Sources */,
				D0049DC9296C24A1009FFDD9 /* Utils.swift in Sources */,
				D04E39822977E80C00528B7F /* CommonTextfieldEntity.swift in Sources */,
				D0BB2B9329976FF100AC59F7 /* ProfileViewController.swift in Sources */,
				D0049DB6296C1CFE009FFDD9 /* RegisterBaseViewController.swift in Sources */,
				D038A89C297A702600EDAED3 /* MBIndicatorView.m in Sources */,
				D0DDF30E2971537F003D3E30 /* BaseViewController.swift in Sources */,
				D0049DD8296C296B009FFDD9 /* Storyboard.swift in Sources */,
				D04E398929781EC200528B7F /* CardsViewController.swift in Sources */,
				D0049DD3296C2656009FFDD9 /* Enum.swift in Sources */,
				D038A89E297A707600EDAED3 /* MBLCAnimatedPageControl.m in Sources */,
				D0A89391296EEA9B00B09DD4 /* CustomNavigationController.swift in Sources */,
				D00B95E72977D1DE00244DC0 /* TextFieldCell.swift in Sources */,
				D0049D90296C1918009FFDD9 /* SceneDelegate.swift in Sources */,
				D0C2E9F7299254C300FEAB92 /* TextFieldRightViewCell.swift in Sources */,
				D0049DCC296C25AA009FFDD9 /* Constants.swift in Sources */,
				D0049DD5296C27AE009FFDD9 /* Extensions.swift in Sources */,
				D038A8A9297A97DE00EDAED3 /* CarouselView.swift in Sources */,
				D00B95E12977CD4000244DC0 /* PersonalDetailsVC.swift in Sources */,
				D0049DB8296C1E44009FFDD9 /* OnboardingViewController.swift in Sources */,
				D0F32FF4296FD92E00D9390B /* ThirdTourViewController.swift in Sources */,
				D0049DAA296C19BC009FFDD9 /* SplashViewController.swift in Sources */,
				D0049DAE296C1C76009FFDD9 /* CustomTextField.swift in Sources */,
				D0C2E9FD29926EA900FEAB92 /* DashboardViewController.swift in Sources */,
				D0049DC6296C2314009FFDD9 /* ThemeConstants.swift in Sources */,
				D0C2E9FA299267C900FEAB92 /* WelcomeUserVC.swift in Sources */,
				D0DDF30B297128A5003D3E30 /* MBFontello.swift in Sources */,
				D0F32FF2296FD91E00D9390B /* SecondTourViewController.swift in Sources */,
				D0FB8466296ED9920079482A /* FirstTourViewController.swift in Sources */,
			);
			runOnlyForDeploymentPostprocessing = 0;
		};
/* End PBXSourcesBuildPhase section */

/* Begin PBXVariantGroup section */
		D0049D93296C1918009FFDD9 /* Main.storyboard */ = {
			isa = PBXVariantGroup;
			children = (
				D0049D94296C1918009FFDD9 /* Base */,
			);
			name = Main.storyboard;
			sourceTree = "<group>";
		};
		D0049D98296C191A009FFDD9 /* LaunchScreen.storyboard */ = {
			isa = PBXVariantGroup;
			children = (
				D0049D99296C191A009FFDD9 /* Base */,
			);
			name = LaunchScreen.storyboard;
			sourceTree = "<group>";
		};
/* End PBXVariantGroup section */

/* Begin XCBuildConfiguration section */
		D0049D9C296C191A009FFDD9 /* Debug */ = {
			isa = XCBuildConfiguration;
			buildSettings = {
				ALWAYS_SEARCH_USER_PATHS = NO;
				CLANG_ANALYZER_NONNULL = YES;
				CLANG_ANALYZER_NUMBER_OBJECT_CONVERSION = YES_AGGRESSIVE;
				CLANG_CXX_LANGUAGE_STANDARD = "gnu++17";
				CLANG_ENABLE_MODULES = YES;
				CLANG_ENABLE_OBJC_ARC = YES;
				CLANG_ENABLE_OBJC_WEAK = YES;
				CLANG_WARN_BLOCK_CAPTURE_AUTORELEASING = YES;
				CLANG_WARN_BOOL_CONVERSION = YES;
				CLANG_WARN_COMMA = YES;
				CLANG_WARN_CONSTANT_CONVERSION = YES;
				CLANG_WARN_DEPRECATED_OBJC_IMPLEMENTATIONS = YES;
				CLANG_WARN_DIRECT_OBJC_ISA_USAGE = YES_ERROR;
				CLANG_WARN_DOCUMENTATION_COMMENTS = YES;
				CLANG_WARN_EMPTY_BODY = YES;
				CLANG_WARN_ENUM_CONVERSION = YES;
				CLANG_WARN_INFINITE_RECURSION = YES;
				CLANG_WARN_INT_CONVERSION = YES;
				CLANG_WARN_NON_LITERAL_NULL_CONVERSION = YES;
				CLANG_WARN_OBJC_IMPLICIT_RETAIN_SELF = YES;
				CLANG_WARN_OBJC_LITERAL_CONVERSION = YES;
				CLANG_WARN_OBJC_ROOT_CLASS = YES_ERROR;
				CLANG_WARN_QUOTED_INCLUDE_IN_FRAMEWORK_HEADER = YES;
				CLANG_WARN_RANGE_LOOP_ANALYSIS = YES;
				CLANG_WARN_STRICT_PROTOTYPES = YES;
				CLANG_WARN_SUSPICIOUS_MOVE = YES;
				CLANG_WARN_UNGUARDED_AVAILABILITY = YES_AGGRESSIVE;
				CLANG_WARN_UNREACHABLE_CODE = YES;
				CLANG_WARN__DUPLICATE_METHOD_MATCH = YES;
				COPY_PHASE_STRIP = NO;
				DEBUG_INFORMATION_FORMAT = dwarf;
				ENABLE_STRICT_OBJC_MSGSEND = YES;
				ENABLE_TESTABILITY = YES;
				GCC_C_LANGUAGE_STANDARD = gnu11;
				GCC_DYNAMIC_NO_PIC = NO;
				GCC_NO_COMMON_BLOCKS = YES;
				GCC_OPTIMIZATION_LEVEL = 0;
				GCC_PREPROCESSOR_DEFINITIONS = (
					"DEBUG=1",
					"$(inherited)",
				);
				GCC_WARN_64_TO_32_BIT_CONVERSION = YES;
				GCC_WARN_ABOUT_RETURN_TYPE = YES_ERROR;
				GCC_WARN_UNDECLARED_SELECTOR = YES;
				GCC_WARN_UNINITIALIZED_AUTOS = YES_AGGRESSIVE;
				GCC_WARN_UNUSED_FUNCTION = YES;
				GCC_WARN_UNUSED_VARIABLE = YES;
				IPHONEOS_DEPLOYMENT_TARGET = 12.0;
				MTL_ENABLE_DEBUG_INFO = INCLUDE_SOURCE;
				MTL_FAST_MATH = YES;
				ONLY_ACTIVE_ARCH = YES;
				SDKROOT = iphoneos;
				SWIFT_ACTIVE_COMPILATION_CONDITIONS = DEBUG;
				SWIFT_OPTIMIZATION_LEVEL = "-Onone";
			};
			name = Debug;
		};
		D0049D9D296C191A009FFDD9 /* Release */ = {
			isa = XCBuildConfiguration;
			buildSettings = {
				ALWAYS_SEARCH_USER_PATHS = NO;
				CLANG_ANALYZER_NONNULL = YES;
				CLANG_ANALYZER_NUMBER_OBJECT_CONVERSION = YES_AGGRESSIVE;
				CLANG_CXX_LANGUAGE_STANDARD = "gnu++17";
				CLANG_ENABLE_MODULES = YES;
				CLANG_ENABLE_OBJC_ARC = YES;
				CLANG_ENABLE_OBJC_WEAK = YES;
				CLANG_WARN_BLOCK_CAPTURE_AUTORELEASING = YES;
				CLANG_WARN_BOOL_CONVERSION = YES;
				CLANG_WARN_COMMA = YES;
				CLANG_WARN_CONSTANT_CONVERSION = YES;
				CLANG_WARN_DEPRECATED_OBJC_IMPLEMENTATIONS = YES;
				CLANG_WARN_DIRECT_OBJC_ISA_USAGE = YES_ERROR;
				CLANG_WARN_DOCUMENTATION_COMMENTS = YES;
				CLANG_WARN_EMPTY_BODY = YES;
				CLANG_WARN_ENUM_CONVERSION = YES;
				CLANG_WARN_INFINITE_RECURSION = YES;
				CLANG_WARN_INT_CONVERSION = YES;
				CLANG_WARN_NON_LITERAL_NULL_CONVERSION = YES;
				CLANG_WARN_OBJC_IMPLICIT_RETAIN_SELF = YES;
				CLANG_WARN_OBJC_LITERAL_CONVERSION = YES;
				CLANG_WARN_OBJC_ROOT_CLASS = YES_ERROR;
				CLANG_WARN_QUOTED_INCLUDE_IN_FRAMEWORK_HEADER = YES;
				CLANG_WARN_RANGE_LOOP_ANALYSIS = YES;
				CLANG_WARN_STRICT_PROTOTYPES = YES;
				CLANG_WARN_SUSPICIOUS_MOVE = YES;
				CLANG_WARN_UNGUARDED_AVAILABILITY = YES_AGGRESSIVE;
				CLANG_WARN_UNREACHABLE_CODE = YES;
				CLANG_WARN__DUPLICATE_METHOD_MATCH = YES;
				COPY_PHASE_STRIP = NO;
				DEBUG_INFORMATION_FORMAT = "dwarf-with-dsym";
				ENABLE_NS_ASSERTIONS = NO;
				ENABLE_STRICT_OBJC_MSGSEND = YES;
				GCC_C_LANGUAGE_STANDARD = gnu11;
				GCC_NO_COMMON_BLOCKS = YES;
				GCC_WARN_64_TO_32_BIT_CONVERSION = YES;
				GCC_WARN_ABOUT_RETURN_TYPE = YES_ERROR;
				GCC_WARN_UNDECLARED_SELECTOR = YES;
				GCC_WARN_UNINITIALIZED_AUTOS = YES_AGGRESSIVE;
				GCC_WARN_UNUSED_FUNCTION = YES;
				GCC_WARN_UNUSED_VARIABLE = YES;
				IPHONEOS_DEPLOYMENT_TARGET = 12.0;
				MTL_ENABLE_DEBUG_INFO = NO;
				MTL_FAST_MATH = YES;
				SDKROOT = iphoneos;
				SWIFT_COMPILATION_MODE = wholemodule;
				SWIFT_OPTIMIZATION_LEVEL = "-O";
				VALIDATE_PRODUCT = YES;
			};
			name = Release;
		};
		D0049D9F296C191A009FFDD9 /* Debug */ = {
			isa = XCBuildConfiguration;
			baseConfigurationReference = FA1A19B2028BB11225624E57 /* Pods-StayFit.debug.xcconfig */;
			buildSettings = {
				ASSETCATALOG_COMPILER_APPICON_NAME = AppIcon;
				ASSETCATALOG_COMPILER_GLOBAL_ACCENT_COLOR_NAME = AccentColor;
				CODE_SIGN_STYLE = Automatic;
				CURRENT_PROJECT_VERSION = 1;
				DEVELOPMENT_TEAM = Y77ZUFQ965;
				ENABLE_BITCODE = NO;
				FRAMEWORK_SEARCH_PATHS = (
					"$(inherited)",
					"$(PROJECT_DIR)",
				);
				GENERATE_INFOPLIST_FILE = YES;
				INFOPLIST_FILE = StayFit/Info.plist;
				INFOPLIST_KEY_UIApplicationSupportsIndirectInputEvents = YES;
				INFOPLIST_KEY_UILaunchStoryboardName = SplashScreen;
				INFOPLIST_KEY_UIMainStoryboardFile = Register;
				INFOPLIST_KEY_UISupportedInterfaceOrientations_iPad = "UIInterfaceOrientationPortrait UIInterfaceOrientationPortraitUpsideDown UIInterfaceOrientationLandscapeLeft UIInterfaceOrientationLandscapeRight";
				INFOPLIST_KEY_UISupportedInterfaceOrientations_iPhone = "UIInterfaceOrientationPortrait UIInterfaceOrientationLandscapeLeft UIInterfaceOrientationLandscapeRight";
				IPHONEOS_DEPLOYMENT_TARGET = 12.0;
				LD_RUNPATH_SEARCH_PATHS = (
					"$(inherited)",
					"@executable_path/Frameworks",
				);
				LIBRARY_SEARCH_PATHS = (
					"$(inherited)",
					"$(PROJECT_DIR)/StayFit/SVGFiles/SVGManager",
					"$(PROJECT_DIR)/StayFit/SVGFile/SVGManager",
				);
				MARKETING_VERSION = 1.0;
				PRODUCT_BUNDLE_IDENTIFIER = app.StayFit;
				PRODUCT_NAME = "$(TARGET_NAME)";
				SWIFT_EMIT_LOC_STRINGS = YES;
				SWIFT_OBJC_BRIDGING_HEADER = "StayFit/StayFit-Bridging-Header.h";
				SWIFT_VERSION = 5.0;
				TARGETED_DEVICE_FAMILY = "1,2";
				VALIDATE_WORKSPACE = YES;
			};
			name = Debug;
		};
		D0049DA0296C191A009FFDD9 /* Release */ = {
			isa = XCBuildConfiguration;
			baseConfigurationReference = 7C532F16D8D7AB7318E1EAEB /* Pods-StayFit.release.xcconfig */;
			buildSettings = {
				ASSETCATALOG_COMPILER_APPICON_NAME = AppIcon;
				ASSETCATALOG_COMPILER_GLOBAL_ACCENT_COLOR_NAME = AccentColor;
				CODE_SIGN_STYLE = Automatic;
				CURRENT_PROJECT_VERSION = 1;
				DEVELOPMENT_TEAM = Y77ZUFQ965;
				ENABLE_BITCODE = NO;
				FRAMEWORK_SEARCH_PATHS = (
					"$(inherited)",
					"$(PROJECT_DIR)",
				);
				GENERATE_INFOPLIST_FILE = YES;
				INFOPLIST_FILE = StayFit/Info.plist;
				INFOPLIST_KEY_UIApplicationSupportsIndirectInputEvents = YES;
				INFOPLIST_KEY_UILaunchStoryboardName = SplashScreen;
				INFOPLIST_KEY_UIMainStoryboardFile = Register;
				INFOPLIST_KEY_UISupportedInterfaceOrientations_iPad = "UIInterfaceOrientationPortrait UIInterfaceOrientationPortraitUpsideDown UIInterfaceOrientationLandscapeLeft UIInterfaceOrientationLandscapeRight";
				INFOPLIST_KEY_UISupportedInterfaceOrientations_iPhone = "UIInterfaceOrientationPortrait UIInterfaceOrientationLandscapeLeft UIInterfaceOrientationLandscapeRight";
				IPHONEOS_DEPLOYMENT_TARGET = 12.0;
				LD_RUNPATH_SEARCH_PATHS = (
					"$(inherited)",
					"@executable_path/Frameworks",
				);
				LIBRARY_SEARCH_PATHS = (
					"$(inherited)",
					"$(PROJECT_DIR)/StayFit/SVGFiles/SVGManager",
					"$(PROJECT_DIR)/StayFit/SVGFile/SVGManager",
				);
				MARKETING_VERSION = 1.0;
				PRODUCT_BUNDLE_IDENTIFIER = app.StayFit;
				PRODUCT_NAME = "$(TARGET_NAME)";
				SWIFT_EMIT_LOC_STRINGS = YES;
				SWIFT_OBJC_BRIDGING_HEADER = "StayFit/StayFit-Bridging-Header.h";
				SWIFT_VERSION = 5.0;
				TARGETED_DEVICE_FAMILY = "1,2";
				VALIDATE_WORKSPACE = YES;
			};
			name = Release;
		};
/* End XCBuildConfiguration section */

/* Begin XCConfigurationList section */
		D0049D85296C1917009FFDD9 /* Build configuration list for PBXProject "StayFit" */ = {
			isa = XCConfigurationList;
			buildConfigurations = (
				D0049D9C296C191A009FFDD9 /* Debug */,
				D0049D9D296C191A009FFDD9 /* Release */,
			);
			defaultConfigurationIsVisible = 0;
			defaultConfigurationName = Release;
		};
		D0049D9E296C191A009FFDD9 /* Build configuration list for PBXNativeTarget "StayFit" */ = {
			isa = XCConfigurationList;
			buildConfigurations = (
				D0049D9F296C191A009FFDD9 /* Debug */,
				D0049DA0296C191A009FFDD9 /* Release */,
			);
			defaultConfigurationIsVisible = 0;
			defaultConfigurationName = Release;
		};
/* End XCConfigurationList section */
	};
	rootObject = D0049D82296C1917009FFDD9 /* Project object */;
}
