// !$*UTF8*$!
{
	archiveVersion = 1;
	classes = {
	};
	objectVersion = 55;
	objects = {

/* Begin PBXBuildFile section */
		7848B8A91BE5223FD5AE8987 /* Pods_StayFit.framework in Frameworks */ = {isa = PBXBuildFile; fileRef = 3579F538D8CBF18228215CE6 /* Pods_StayFit.framework */; };
		D0049D8E296C1918009FFDD9 /* AppDelegate.swift in Sources */ = {isa = PBXBuildFile; fileRef = D0049D8D296C1918009FFDD9 /* AppDelegate.swift */; };
		D0049D90296C1918009FFDD9 /* SceneDelegate.swift in Sources */ = {isa = PBXBuildFile; fileRef = D0049D8F296C1918009FFDD9 /* SceneDelegate.swift */; };
		D0049D92296C1918009FFDD9 /* ViewController.swift in Sources */ = {isa = PBXBuildFile; fileRef = D0049D91296C1918009FFDD9 /* ViewController.swift */; };
		D0049D95296C1918009FFDD9 /* Main.storyboard in Resources */ = {isa = PBXBuildFile; fileRef = D0049D93296C1918009FFDD9 /* Main.storyboard */; };
		D0049D97296C1919009FFDD9 /* Assets.xcassets in Resources */ = {isa = PBXBuildFile; fileRef = D0049D96296C1919009FFDD9 /* Assets.xcassets */; };
		D0049D9A296C191A009FFDD9 /* LaunchScreen.storyboard in Resources */ = {isa = PBXBuildFile; fileRef = D0049D98296C191A009FFDD9 /* LaunchScreen.storyboard */; };
		D0049DA8296C199F009FFDD9 /* SplashScreen.storyboard in Resources */ = {isa = PBXBuildFile; fileRef = D0049DA7296C199F009FFDD9 /* SplashScreen.storyboard */; };
		D0049DAA296C19BC009FFDD9 /* SplashViewController.swift in Sources */ = {isa = PBXBuildFile; fileRef = D0049DA9296C19BC009FFDD9 /* SplashViewController.swift */; };
		D0049DAE296C1C76009FFDD9 /* CustomTextField.swift in Sources */ = {isa = PBXBuildFile; fileRef = D0049DAD296C1C76009FFDD9 /* CustomTextField.swift */; };
		D0049DB4296C1CE5009FFDD9 /* Register.storyboard in Resources */ = {isa = PBXBuildFile; fileRef = D0049DB3296C1CE5009FFDD9 /* Register.storyboard */; };
		D0049DB6296C1CFE009FFDD9 /* RegisterBaseViewController.swift in Sources */ = {isa = PBXBuildFile; fileRef = D0049DB5296C1CFE009FFDD9 /* RegisterBaseViewController.swift */; };
		D0049DB8296C1E44009FFDD9 /* OnboardingViewController.swift in Sources */ = {isa = PBXBuildFile; fileRef = D0049DB7296C1E44009FFDD9 /* OnboardingViewController.swift */; };
		D0049DBF296C22C1009FFDD9 /* iPhone11.plist in Resources */ = {isa = PBXBuildFile; fileRef = D0049DBA296C22C1009FFDD9 /* iPhone11.plist */; };
		D0049DC0296C22C1009FFDD9 /* iPhone6.plist in Resources */ = {isa = PBXBuildFile; fileRef = D0049DBB296C22C1009FFDD9 /* iPhone6.plist */; };
		D0049DC1296C22C1009FFDD9 /* iPhone.plist in Resources */ = {isa = PBXBuildFile; fileRef = D0049DBC296C22C1009FFDD9 /* iPhone.plist */; };
		D0049DC2296C22C1009FFDD9 /* Normal.plist in Resources */ = {isa = PBXBuildFile; fileRef = D0049DBD296C22C1009FFDD9 /* Normal.plist */; };
		D0049DC3296C22C1009FFDD9 /* iPhone6Plus.plist in Resources */ = {isa = PBXBuildFile; fileRef = D0049DBE296C22C1009FFDD9 /* iPhone6Plus.plist */; };
		D0049DC6296C2314009FFDD9 /* ThemeConstants.swift in Sources */ = {isa = PBXBuildFile; fileRef = D0049DC5296C2314009FFDD9 /* ThemeConstants.swift */; };
		D0049DC9296C24A1009FFDD9 /* Utils.swift in Sources */ = {isa = PBXBuildFile; fileRef = D0049DC8296C24A1009FFDD9 /* Utils.swift */; };
		D0049DCC296C25AA009FFDD9 /* Constants.swift in Sources */ = {isa = PBXBuildFile; fileRef = D0049DCB296C25AA009FFDD9 /* Constants.swift */; };
		D0049DD3296C2656009FFDD9 /* Enum.swift in Sources */ = {isa = PBXBuildFile; fileRef = D0049DD2296C2656009FFDD9 /* Enum.swift */; };
		D0049DD5296C27AE009FFDD9 /* Extensions.swift in Sources */ = {isa = PBXBuildFile; fileRef = D0049DD4296C27AE009FFDD9 /* Extensions.swift */; };
		D0049DD8296C296B009FFDD9 /* Storyboard.swift in Sources */ = {isa = PBXBuildFile; fileRef = D0049DD7296C296A009FFDD9 /* Storyboard.swift */; };
		D0FB83DA296EBFCE0079482A /* CocoaLumberjack.framework in Frameworks */ = {isa = PBXBuildFile; fileRef = D0FB83D9296EBFCE0079482A /* CocoaLumberjack.framework */; };
		D0FB8462296EC13B0079482A /* libSVGKit-iOS.2.0.0.a in Frameworks */ = {isa = PBXBuildFile; fileRef = D0FB8461296EC13B0079482A /* libSVGKit-iOS.2.0.0.a */; };
/* End PBXBuildFile section */

/* Begin PBXCopyFilesBuildPhase section */
		D0FB83D8296EBA1F0079482A /* Embed Frameworks */ = {
			isa = PBXCopyFilesBuildPhase;
			buildActionMask = 2147483647;
			dstPath = "";
			dstSubfolderSpec = 10;
			files = (
			);
			name = "Embed Frameworks";
			runOnlyForDeploymentPostprocessing = 0;
		};
/* End PBXCopyFilesBuildPhase section */

/* Begin PBXFileReference section */
		3579F538D8CBF18228215CE6 /* Pods_StayFit.framework */ = {isa = PBXFileReference; explicitFileType = wrapper.framework; includeInIndex = 0; path = Pods_StayFit.framework; sourceTree = BUILT_PRODUCTS_DIR; };
		7C532F16D8D7AB7318E1EAEB /* Pods-StayFit.release.xcconfig */ = {isa = PBXFileReference; includeInIndex = 1; lastKnownFileType = text.xcconfig; name = "Pods-StayFit.release.xcconfig"; path = "Target Support Files/Pods-StayFit/Pods-StayFit.release.xcconfig"; sourceTree = "<group>"; };
		D0049D8A296C1918009FFDD9 /* StayFit.app */ = {isa = PBXFileReference; explicitFileType = wrapper.application; includeInIndex = 0; path = StayFit.app; sourceTree = BUILT_PRODUCTS_DIR; };
		D0049D8D296C1918009FFDD9 /* AppDelegate.swift */ = {isa = PBXFileReference; lastKnownFileType = sourcecode.swift; path = AppDelegate.swift; sourceTree = "<group>"; };
		D0049D8F296C1918009FFDD9 /* SceneDelegate.swift */ = {isa = PBXFileReference; lastKnownFileType = sourcecode.swift; path = SceneDelegate.swift; sourceTree = "<group>"; };
		D0049D91296C1918009FFDD9 /* ViewController.swift */ = {isa = PBXFileReference; lastKnownFileType = sourcecode.swift; path = ViewController.swift; sourceTree = "<group>"; };
		D0049D94296C1918009FFDD9 /* Base */ = {isa = PBXFileReference; lastKnownFileType = file.storyboard; name = Base; path = Base.lproj/Main.storyboard; sourceTree = "<group>"; };
		D0049D96296C1919009FFDD9 /* Assets.xcassets */ = {isa = PBXFileReference; lastKnownFileType = folder.assetcatalog; path = Assets.xcassets; sourceTree = "<group>"; };
		D0049D99296C191A009FFDD9 /* Base */ = {isa = PBXFileReference; lastKnownFileType = file.storyboard; name = Base; path = Base.lproj/LaunchScreen.storyboard; sourceTree = "<group>"; };
		D0049D9B296C191A009FFDD9 /* Info.plist */ = {isa = PBXFileReference; lastKnownFileType = text.plist.xml; path = Info.plist; sourceTree = "<group>"; };
		D0049DA7296C199F009FFDD9 /* SplashScreen.storyboard */ = {isa = PBXFileReference; lastKnownFileType = file.storyboard; path = SplashScreen.storyboard; sourceTree = "<group>"; };
		D0049DA9296C19BC009FFDD9 /* SplashViewController.swift */ = {isa = PBXFileReference; lastKnownFileType = sourcecode.swift; path = SplashViewController.swift; sourceTree = "<group>"; };
		D0049DAD296C1C76009FFDD9 /* CustomTextField.swift */ = {isa = PBXFileReference; lastKnownFileType = sourcecode.swift; path = CustomTextField.swift; sourceTree = "<group>"; };
		D0049DB3296C1CE5009FFDD9 /* Register.storyboard */ = {isa = PBXFileReference; lastKnownFileType = file.storyboard; path = Register.storyboard; sourceTree = "<group>"; };
		D0049DB5296C1CFE009FFDD9 /* RegisterBaseViewController.swift */ = {isa = PBXFileReference; lastKnownFileType = sourcecode.swift; path = RegisterBaseViewController.swift; sourceTree = "<group>"; };
		D0049DB7296C1E44009FFDD9 /* OnboardingViewController.swift */ = {isa = PBXFileReference; lastKnownFileType = sourcecode.swift; path = OnboardingViewController.swift; sourceTree = "<group>"; };
		D0049DBA296C22C1009FFDD9 /* iPhone11.plist */ = {isa = PBXFileReference; fileEncoding = 4; lastKnownFileType = text.plist.xml; path = iPhone11.plist; sourceTree = "<group>"; };
		D0049DBB296C22C1009FFDD9 /* iPhone6.plist */ = {isa = PBXFileReference; fileEncoding = 4; lastKnownFileType = text.plist.xml; path = iPhone6.plist; sourceTree = "<group>"; };
		D0049DBC296C22C1009FFDD9 /* iPhone.plist */ = {isa = PBXFileReference; fileEncoding = 4; lastKnownFileType = text.plist.xml; path = iPhone.plist; sourceTree = "<group>"; };
		D0049DBD296C22C1009FFDD9 /* Normal.plist */ = {isa = PBXFileReference; fileEncoding = 4; lastKnownFileType = text.plist.xml; path = Normal.plist; sourceTree = "<group>"; };
		D0049DBE296C22C1009FFDD9 /* iPhone6Plus.plist */ = {isa = PBXFileReference; fileEncoding = 4; lastKnownFileType = text.plist.xml; path = iPhone6Plus.plist; sourceTree = "<group>"; };
		D0049DC5296C2314009FFDD9 /* ThemeConstants.swift */ = {isa = PBXFileReference; lastKnownFileType = sourcecode.swift; path = ThemeConstants.swift; sourceTree = "<group>"; };
		D0049DC8296C24A1009FFDD9 /* Utils.swift */ = {isa = PBXFileReference; lastKnownFileType = sourcecode.swift; path = Utils.swift; sourceTree = "<group>"; };
		D0049DCB296C25AA009FFDD9 /* Constants.swift */ = {isa = PBXFileReference; lastKnownFileType = sourcecode.swift; path = Constants.swift; sourceTree = "<group>"; };
		D0049DD2296C2656009FFDD9 /* Enum.swift */ = {isa = PBXFileReference; lastKnownFileType = sourcecode.swift; path = Enum.swift; sourceTree = "<group>"; };
		D0049DD4296C27AE009FFDD9 /* Extensions.swift */ = {isa = PBXFileReference; lastKnownFileType = sourcecode.swift; path = Extensions.swift; sourceTree = "<group>"; };
		D0049DD7296C296A009FFDD9 /* Storyboard.swift */ = {isa = PBXFileReference; lastKnownFileType = sourcecode.swift; path = Storyboard.swift; sourceTree = "<group>"; };
		D0FB834C296EB8950079482A /* StayFit-Bridging-Header.h */ = {isa = PBXFileReference; fileEncoding = 4; lastKnownFileType = sourcecode.c.h; path = "StayFit-Bridging-Header.h"; sourceTree = "<group>"; };
		D0FB83D9296EBFCE0079482A /* CocoaLumberjack.framework */ = {isa = PBXFileReference; lastKnownFileType = wrapper.framework; path = CocoaLumberjack.framework; sourceTree = "<group>"; };
		D0FB83E1296EC13B0079482A /* CSSPrimitiveValue.h */ = {isa = PBXFileReference; fileEncoding = 4; lastKnownFileType = sourcecode.c.h; path = CSSPrimitiveValue.h; sourceTree = "<group>"; };
		D0FB83E2296EC13B0079482A /* CSSRuleList+Mutable.h */ = {isa = PBXFileReference; fileEncoding = 4; lastKnownFileType = sourcecode.c.h; path = "CSSRuleList+Mutable.h"; sourceTree = "<group>"; };
		D0FB83E3296EC13B0079482A /* SVGKLayer.h */ = {isa = PBXFileReference; fileEncoding = 4; lastKnownFileType = sourcecode.c.h; path = SVGKLayer.h; sourceTree = "<group>"; };
		D0FB83E4296EC13B0079482A /* CSSStyleSheet.h */ = {isa = PBXFileReference; fileEncoding = 4; lastKnownFileType = sourcecode.c.h; path = CSSStyleSheet.h; sourceTree = "<group>"; };
		D0FB83E5296EC13B0079482A /* ConverterSVGToCALayer.h */ = {isa = PBXFileReference; fileEncoding = 4; lastKnownFileType = sourcecode.c.h; path = ConverterSVGToCALayer.h; sourceTree = "<group>"; };
		D0FB83E6296EC13B0079482A /* SVGViewSpec.h */ = {isa = PBXFileReference; fileEncoding = 4; lastKnownFileType = sourcecode.c.h; path = SVGViewSpec.h; sourceTree = "<group>"; };
		D0FB83E7296EC13B0079482A /* SVGKPattern.h */ = {isa = PBXFileReference; fileEncoding = 4; lastKnownFileType = sourcecode.c.h; path = SVGKPattern.h; sourceTree = "<group>"; };
		D0FB83E8296EC13B0079482A /* Node+Mutable.h */ = {isa = PBXFileReference; fileEncoding = 4; lastKnownFileType = sourcecode.c.h; path = "Node+Mutable.h"; sourceTree = "<group>"; };
		D0FB83E9296EC13B0079482A /* SVGKParserStyles.h */ = {isa = PBXFileReference; fileEncoding = 4; lastKnownFileType = sourcecode.c.h; path = SVGKParserStyles.h; sourceTree = "<group>"; };
		D0FB83EA296EC13B0079482A /* SVGNumber.h */ = {isa = PBXFileReference; fileEncoding = 4; lastKnownFileType = sourcecode.c.h; path = SVGNumber.h; sourceTree = "<group>"; };
		D0FB83EB296EC13B0079482A /* SVGDocument_Mutable.h */ = {isa = PBXFileReference; fileEncoding = 4; lastKnownFileType = sourcecode.c.h; path = SVGDocument_Mutable.h; sourceTree = "<group>"; };
		D0FB83EC296EC13B0079482A /* NodeList.h */ = {isa = PBXFileReference; fileEncoding = 4; lastKnownFileType = sourcecode.c.h; path = NodeList.h; sourceTree = "<group>"; };
		D0FB83ED296EC13B0079482A /* Attr.h */ = {isa = PBXFileReference; fileEncoding = 4; lastKnownFileType = sourcecode.c.h; path = Attr.h; sourceTree = "<group>"; };
		D0FB83EE296EC13B0079482A /* DocumentFragment.h */ = {isa = PBXFileReference; fileEncoding = 4; lastKnownFileType = sourcecode.c.h; path = DocumentFragment.h; sourceTree = "<group>"; };
		D0FB83EF296EC13B0079482A /* CDATASection.h */ = {isa = PBXFileReference; fileEncoding = 4; lastKnownFileType = sourcecode.c.h; path = CDATASection.h; sourceTree = "<group>"; };
		D0FB83F0296EC13B0079482A /* SVGRect.h */ = {isa = PBXFileReference; fileEncoding = 4; lastKnownFileType = sourcecode.c.h; path = SVGRect.h; sourceTree = "<group>"; };
		D0FB83F1296EC13B0079482A /* CSSValueList.h */ = {isa = PBXFileReference; fileEncoding = 4; lastKnownFileType = sourcecode.c.h; path = CSSValueList.h; sourceTree = "<group>"; };
		D0FB83F2296EC13B0079482A /* NodeList+Mutable.h */ = {isa = PBXFileReference; fileEncoding = 4; lastKnownFileType = sourcecode.c.h; path = "NodeList+Mutable.h"; sourceTree = "<group>"; };
		D0FB83F3296EC13B0079482A /* SVGRectElement.h */ = {isa = PBXFileReference; fileEncoding = 4; lastKnownFileType = sourcecode.c.h; path = SVGRectElement.h; sourceTree = "<group>"; };
		D0FB83F4296EC13B0079482A /* NamedNodeMap_Iterable.h */ = {isa = PBXFileReference; fileEncoding = 4; lastKnownFileType = sourcecode.c.h; path = NamedNodeMap_Iterable.h; sourceTree = "<group>"; };
		D0FB83F5296EC13B0079482A /* SVGSwitchElement.h */ = {isa = PBXFileReference; fileEncoding = 4; lastKnownFileType = sourcecode.c.h; path = SVGSwitchElement.h; sourceTree = "<group>"; };
		D0FB83F6296EC13B0079482A /* SVGPolylineElement.h */ = {isa = PBXFileReference; fileEncoding = 4; lastKnownFileType = sourcecode.c.h; path = SVGPolylineElement.h; sourceTree = "<group>"; };
		D0FB83F7296EC13B0079482A /* NSCharacterSet+SVGKExtensions.h */ = {isa = PBXFileReference; fileEncoding = 4; lastKnownFileType = sourcecode.c.h; path = "NSCharacterSet+SVGKExtensions.h"; sourceTree = "<group>"; };
		D0FB83F8296EC13B0079482A /* ProcessingInstruction.h */ = {isa = PBXFileReference; fileEncoding = 4; lastKnownFileType = sourcecode.c.h; path = ProcessingInstruction.h; sourceTree = "<group>"; };
		D0FB83F9296EC13B0079482A /* DOMGlobalSettings.h */ = {isa = PBXFileReference; fileEncoding = 4; lastKnownFileType = sourcecode.c.h; path = DOMGlobalSettings.h; sourceTree = "<group>"; };
		D0FB83FA296EC13B0079482A /* SVGGroupElement.h */ = {isa = PBXFileReference; fileEncoding = 4; lastKnownFileType = sourcecode.c.h; path = SVGGroupElement.h; sourceTree = "<group>"; };
		D0FB83FB296EC13B0079482A /* SVGImageElement.h */ = {isa = PBXFileReference; fileEncoding = 4; lastKnownFileType = sourcecode.c.h; path = SVGImageElement.h; sourceTree = "<group>"; };
		D0FB83FC296EC13B0079482A /* CALayer+RecursiveClone.h */ = {isa = PBXFileReference; fileEncoding = 4; lastKnownFileType = sourcecode.c.h; path = "CALayer+RecursiveClone.h"; sourceTree = "<group>"; };
		D0FB83FD296EC13B0079482A /* Text.h */ = {isa = PBXFileReference; fileEncoding = 4; lastKnownFileType = sourcecode.c.h; path = Text.h; sourceTree = "<group>"; };
		D0FB83FE296EC13B0079482A /* SVGKParserExtension.h */ = {isa = PBXFileReference; fileEncoding = 4; lastKnownFileType = sourcecode.c.h; path = SVGKParserExtension.h; sourceTree = "<group>"; };
		D0FB83FF296EC13B0079482A /* SVGAnimatedPreserveAspectRatio.h */ = {isa = PBXFileReference; fileEncoding = 4; lastKnownFileType = sourcecode.c.h; path = SVGAnimatedPreserveAspectRatio.h; sourceTree = "<group>"; };
		D0FB8400296EC13B0079482A /* CALayerExporter.h */ = {isa = PBXFileReference; fileEncoding = 4; lastKnownFileType = sourcecode.c.h; path = CALayerExporter.h; sourceTree = "<group>"; };
		D0FB8401296EC13B0079482A /* BaseClassForAllSVGBasicShapes.h */ = {isa = PBXFileReference; fileEncoding = 4; lastKnownFileType = sourcecode.c.h; path = BaseClassForAllSVGBasicShapes.h; sourceTree = "<group>"; };
		D0FB8402296EC13B0079482A /* SVGEllipseElement.h */ = {isa = PBXFileReference; fileEncoding = 4; lastKnownFileType = sourcecode.c.h; path = SVGEllipseElement.h; sourceTree = "<group>"; };
		D0FB8403296EC13B0079482A /* NSData+NSInputStream.h */ = {isa = PBXFileReference; fileEncoding = 4; lastKnownFileType = sourcecode.c.h; path = "NSData+NSInputStream.h"; sourceTree = "<group>"; };
		D0FB8404296EC13B0079482A /* SVGCircleElement.h */ = {isa = PBXFileReference; fileEncoding = 4; lastKnownFileType = sourcecode.c.h; path = SVGCircleElement.h; sourceTree = "<group>"; };
		D0FB8405296EC13B0079482A /* SVGKPointsAndPathsParser.h */ = {isa = PBXFileReference; fileEncoding = 4; lastKnownFileType = sourcecode.c.h; path = SVGKPointsAndPathsParser.h; sourceTree = "<group>"; };
		D0FB8406296EC13B0079482A /* SVGPathElement.h */ = {isa = PBXFileReference; fileEncoding = 4; lastKnownFileType = sourcecode.c.h; path = SVGPathElement.h; sourceTree = "<group>"; };
		D0FB8407296EC13B0079482A /* Document+Mutable.h */ = {isa = PBXFileReference; fileEncoding = 4; lastKnownFileType = sourcecode.c.h; path = "Document+Mutable.h"; sourceTree = "<group>"; };
		D0FB8408296EC13B0079482A /* SVGUseElement_Mutable.h */ = {isa = PBXFileReference; fileEncoding = 4; lastKnownFileType = sourcecode.c.h; path = SVGUseElement_Mutable.h; sourceTree = "<group>"; };
		D0FB8409296EC13B0079482A /* CSSValue_ForSubclasses.h */ = {isa = PBXFileReference; fileEncoding = 4; lastKnownFileType = sourcecode.c.h; path = CSSValue_ForSubclasses.h; sourceTree = "<group>"; };
		D0FB840A296EC13B0079482A /* SVGKParserDOM.h */ = {isa = PBXFileReference; fileEncoding = 4; lastKnownFileType = sourcecode.c.h; path = SVGKParserDOM.h; sourceTree = "<group>"; };
		D0FB840B296EC13B0079482A /* SVGKParserGradient.h */ = {isa = PBXFileReference; fileEncoding = 4; lastKnownFileType = sourcecode.c.h; path = SVGKParserGradient.h; sourceTree = "<group>"; };
		D0FB840C296EC13B0079482A /* CAShapeLayerWithHitTest.h */ = {isa = PBXFileReference; fileEncoding = 4; lastKnownFileType = sourcecode.c.h; path = CAShapeLayerWithHitTest.h; sourceTree = "<group>"; };
		D0FB840D296EC13B0079482A /* SVGKImageView.h */ = {isa = PBXFileReference; fileEncoding = 4; lastKnownFileType = sourcecode.c.h; path = SVGKImageView.h; sourceTree = "<group>"; };
		D0FB840E296EC13B0079482A /* SVGDocument.h */ = {isa = PBXFileReference; fileEncoding = 4; lastKnownFileType = sourcecode.c.h; path = SVGDocument.h; sourceTree = "<group>"; };
		D0FB840F296EC13B0079482A /* SVGKParseResult.h */ = {isa = PBXFileReference; fileEncoding = 4; lastKnownFileType = sourcecode.c.h; path = SVGKParseResult.h; sourceTree = "<group>"; };
		D0FB8410296EC13B0079482A /* TinySVGTextAreaElement.h */ = {isa = PBXFileReference; fileEncoding = 4; lastKnownFileType = sourcecode.c.h; path = TinySVGTextAreaElement.h; sourceTree = "<group>"; };
		D0FB8411296EC13B0079482A /* SVGKImage+CGContext.h */ = {isa = PBXFileReference; fileEncoding = 4; lastKnownFileType = sourcecode.c.h; path = "SVGKImage+CGContext.h"; sourceTree = "<group>"; };
		D0FB8412296EC13B0079482A /* CALayerWithChildHitTest.h */ = {isa = PBXFileReference; fileEncoding = 4; lastKnownFileType = sourcecode.c.h; path = CALayerWithChildHitTest.h; sourceTree = "<group>"; };
		D0FB8413296EC13B0079482A /* Comment.h */ = {isa = PBXFileReference; fileEncoding = 4; lastKnownFileType = sourcecode.c.h; path = Comment.h; sourceTree = "<group>"; };
		D0FB8414296EC13B0079482A /* SVGKExporterNSData.h */ = {isa = PBXFileReference; fileEncoding = 4; lastKnownFileType = sourcecode.c.h; path = SVGKExporterNSData.h; sourceTree = "<group>"; };
		D0FB8415296EC13B0079482A /* SVGTextPositioningElement_Mutable.h */ = {isa = PBXFileReference; fileEncoding = 4; lastKnownFileType = sourcecode.c.h; path = SVGTextPositioningElement_Mutable.h; sourceTree = "<group>"; };
		D0FB8416296EC13B0079482A /* BaseClassForAllSVGBasicShapes_ForSubclasses.h */ = {isa = PBXFileReference; fileEncoding = 4; lastKnownFileType = sourcecode.c.h; path = BaseClassForAllSVGBasicShapes_ForSubclasses.h; sourceTree = "<group>"; };
		D0FB8417296EC13B0079482A /* CSSStyleDeclaration.h */ = {isa = PBXFileReference; fileEncoding = 4; lastKnownFileType = sourcecode.c.h; path = CSSStyleDeclaration.h; sourceTree = "<group>"; };
		D0FB8418296EC13B0079482A /* SVGStyleCatcher.h */ = {isa = PBXFileReference; fileEncoding = 4; lastKnownFileType = sourcecode.c.h; path = SVGStyleCatcher.h; sourceTree = "<group>"; };
		D0FB8419296EC13B0079482A /* SVGAngle.h */ = {isa = PBXFileReference; fileEncoding = 4; lastKnownFileType = sourcecode.c.h; path = SVGAngle.h; sourceTree = "<group>"; };
		D0FB841A296EC13B0079482A /* SVGUseElement.h */ = {isa = PBXFileReference; fileEncoding = 4; lastKnownFileType = sourcecode.c.h; path = SVGUseElement.h; sourceTree = "<group>"; };
		D0FB841B296EC13B0079482A /* StyleSheetList+Mutable.h */ = {isa = PBXFileReference; fileEncoding = 4; lastKnownFileType = sourcecode.c.h; path = "StyleSheetList+Mutable.h"; sourceTree = "<group>"; };
		D0FB841C296EC13B0079482A /* SVGKSourceURL.h */ = {isa = PBXFileReference; fileEncoding = 4; lastKnownFileType = sourcecode.c.h; path = SVGKSourceURL.h; sourceTree = "<group>"; };
		D0FB841D296EC13B0079482A /* SVGKSourceLocalFile.h */ = {isa = PBXFileReference; fileEncoding = 4; lastKnownFileType = sourcecode.c.h; path = SVGKSourceLocalFile.h; sourceTree = "<group>"; };
		D0FB841E296EC13B0079482A /* Node.h */ = {isa = PBXFileReference; fileEncoding = 4; lastKnownFileType = sourcecode.c.h; path = Node.h; sourceTree = "<group>"; };
		D0FB841F296EC13B0079482A /* SVGTransform.h */ = {isa = PBXFileReference; fileEncoding = 4; lastKnownFileType = sourcecode.c.h; path = SVGTransform.h; sourceTree = "<group>"; };
		D0FB8420296EC13B0079482A /* SVGKSourceNSData.h */ = {isa = PBXFileReference; fileEncoding = 4; lastKnownFileType = sourcecode.c.h; path = SVGKSourceNSData.h; sourceTree = "<group>"; };
		D0FB8421296EC13B0079482A /* CSSStyleRule.h */ = {isa = PBXFileReference; fileEncoding = 4; lastKnownFileType = sourcecode.c.h; path = CSSStyleRule.h; sourceTree = "<group>"; };
		D0FB8422296EC13B0079482A /* SVGStyleElement.h */ = {isa = PBXFileReference; fileEncoding = 4; lastKnownFileType = sourcecode.c.h; path = SVGStyleElement.h; sourceTree = "<group>"; };
		D0FB8423296EC13B0079482A /* SVGLength.h */ = {isa = PBXFileReference; fileEncoding = 4; lastKnownFileType = sourcecode.c.h; path = SVGLength.h; sourceTree = "<group>"; };
		D0FB8424296EC13B0079482A /* SVGKParserPatternsAndGradients.h */ = {isa = PBXFileReference; fileEncoding = 4; lastKnownFileType = sourcecode.c.h; path = SVGKParserPatternsAndGradients.h; sourceTree = "<group>"; };
		D0FB8425296EC13B0079482A /* SVGKExporterUIImage.h */ = {isa = PBXFileReference; fileEncoding = 4; lastKnownFileType = sourcecode.c.h; path = SVGKExporterUIImage.h; sourceTree = "<group>"; };
		D0FB8426296EC13B0079482A /* MediaList.h */ = {isa = PBXFileReference; fileEncoding = 4; lastKnownFileType = sourcecode.c.h; path = MediaList.h; sourceTree = "<group>"; };
		D0FB8427296EC13B0079482A /* SVGKParserSVG.h */ = {isa = PBXFileReference; fileEncoding = 4; lastKnownFileType = sourcecode.c.h; path = SVGKParserSVG.h; sourceTree = "<group>"; };
		D0FB8428296EC13B0079482A /* CharacterData.h */ = {isa = PBXFileReference; fileEncoding = 4; lastKnownFileType = sourcecode.c.h; path = CharacterData.h; sourceTree = "<group>"; };
		D0FB8429296EC13B0079482A /* SVGTextElement.h */ = {isa = PBXFileReference; fileEncoding = 4; lastKnownFileType = sourcecode.c.h; path = SVGTextElement.h; sourceTree = "<group>"; };
		D0FB842A296EC13B0079482A /* DocumentStyle.h */ = {isa = PBXFileReference; fileEncoding = 4; lastKnownFileType = sourcecode.c.h; path = DocumentStyle.h; sourceTree = "<group>"; };
		D0FB842B296EC13B0079482A /* SVGTransformable.h */ = {isa = PBXFileReference; fileEncoding = 4; lastKnownFileType = sourcecode.c.h; path = SVGTransformable.h; sourceTree = "<group>"; };
		D0FB842C296EC13B0079482A /* SVGDefsElement.h */ = {isa = PBXFileReference; fileEncoding = 4; lastKnownFileType = sourcecode.c.h; path = SVGDefsElement.h; sourceTree = "<group>"; };
		D0FB842D296EC13B0079482A /* CSSRuleList.h */ = {isa = PBXFileReference; fileEncoding = 4; lastKnownFileType = sourcecode.c.h; path = CSSRuleList.h; sourceTree = "<group>"; };
		D0FB842E296EC13B0079482A /* SVGTextPositioningElement.h */ = {isa = PBXFileReference; fileEncoding = 4; lastKnownFileType = sourcecode.c.h; path = SVGTextPositioningElement.h; sourceTree = "<group>"; };
		D0FB842F296EC13B0079482A /* CSSRule.h */ = {isa = PBXFileReference; fileEncoding = 4; lastKnownFileType = sourcecode.c.h; path = CSSRule.h; sourceTree = "<group>"; };
		D0FB8430296EC13B0079482A /* SVGElementInstanceList.h */ = {isa = PBXFileReference; fileEncoding = 4; lastKnownFileType = sourcecode.c.h; path = SVGElementInstanceList.h; sourceTree = "<group>"; };
		D0FB8431296EC13B0079482A /* Element.h */ = {isa = PBXFileReference; fileEncoding = 4; lastKnownFileType = sourcecode.c.h; path = Element.h; sourceTree = "<group>"; };
		D0FB8432296EC13B0079482A /* SVGKSourceString.h */ = {isa = PBXFileReference; fileEncoding = 4; lastKnownFileType = sourcecode.c.h; path = SVGKSourceString.h; sourceTree = "<group>"; };
		D0FB8433296EC13B0079482A /* SVGGElement.h */ = {isa = PBXFileReference; fileEncoding = 4; lastKnownFileType = sourcecode.c.h; path = SVGGElement.h; sourceTree = "<group>"; };
		D0FB8434296EC13B0079482A /* SVGGradientLayer.h */ = {isa = PBXFileReference; fileEncoding = 4; lastKnownFileType = sourcecode.c.h; path = SVGGradientLayer.h; sourceTree = "<group>"; };
		D0FB8435296EC13B0079482A /* SVGUnitTypes.h */ = {isa = PBXFileReference; fileEncoding = 4; lastKnownFileType = sourcecode.c.h; path = SVGUnitTypes.h; sourceTree = "<group>"; };
		D0FB8436296EC13B0079482A /* SVGElementInstanceList_Internal.h */ = {isa = PBXFileReference; fileEncoding = 4; lastKnownFileType = sourcecode.c.h; path = SVGElementInstanceList_Internal.h; sourceTree = "<group>"; };
		D0FB8437296EC13B0079482A /* SVGKFastImageView.h */ = {isa = PBXFileReference; fileEncoding = 4; lastKnownFileType = sourcecode.c.h; path = SVGKFastImageView.h; sourceTree = "<group>"; };
		D0FB8438296EC13B0079482A /* SVGElement_ForParser.h */ = {isa = PBXFileReference; fileEncoding = 4; lastKnownFileType = sourcecode.c.h; path = SVGElement_ForParser.h; sourceTree = "<group>"; };
		D0FB8439296EC13B0079482A /* SVGKParser.h */ = {isa = PBXFileReference; fileEncoding = 4; lastKnownFileType = sourcecode.c.h; path = SVGKParser.h; sourceTree = "<group>"; };
		D0FB843A296EC13B0079482A /* SVGMatrix.h */ = {isa = PBXFileReference; fileEncoding = 4; lastKnownFileType = sourcecode.c.h; path = SVGMatrix.h; sourceTree = "<group>"; };
		D0FB843B296EC13B0079482A /* EntityReference.h */ = {isa = PBXFileReference; fileEncoding = 4; lastKnownFileType = sourcecode.c.h; path = EntityReference.h; sourceTree = "<group>"; };
		D0FB843C296EC13B0079482A /* SVGElementInstance.h */ = {isa = PBXFileReference; fileEncoding = 4; lastKnownFileType = sourcecode.c.h; path = SVGElementInstance.h; sourceTree = "<group>"; };
		D0FB843D296EC13B0079482A /* CSSValue.h */ = {isa = PBXFileReference; fileEncoding = 4; lastKnownFileType = sourcecode.c.h; path = CSSValue.h; sourceTree = "<group>"; };
		D0FB843E296EC13B0079482A /* CSSPrimitiveValue_ConfigurablePixelsPerInch.h */ = {isa = PBXFileReference; fileEncoding = 4; lastKnownFileType = sourcecode.c.h; path = CSSPrimitiveValue_ConfigurablePixelsPerInch.h; sourceTree = "<group>"; };
		D0FB843F296EC13B0079482A /* SVGKLayeredImageView.h */ = {isa = PBXFileReference; fileEncoding = 4; lastKnownFileType = sourcecode.c.h; path = SVGKLayeredImageView.h; sourceTree = "<group>"; };
		D0FB8440296EC13B0079482A /* Document.h */ = {isa = PBXFileReference; fileEncoding = 4; lastKnownFileType = sourcecode.c.h; path = Document.h; sourceTree = "<group>"; };
		D0FB8441296EC13B0079482A /* CAShapeLayerWithClipRender.h */ = {isa = PBXFileReference; fileEncoding = 4; lastKnownFileType = sourcecode.c.h; path = CAShapeLayerWithClipRender.h; sourceTree = "<group>"; };
		D0FB8442296EC13B0079482A /* SVGTitleElement.h */ = {isa = PBXFileReference; fileEncoding = 4; lastKnownFileType = sourcecode.c.h; path = SVGTitleElement.h; sourceTree = "<group>"; };
		D0FB8443296EC13B0079482A /* CALayerWithClipRender.h */ = {isa = PBXFileReference; fileEncoding = 4; lastKnownFileType = sourcecode.c.h; path = CALayerWithClipRender.h; sourceTree = "<group>"; };
		D0FB8444296EC13B0079482A /* SVGSVGElement_Mutable.h */ = {isa = PBXFileReference; fileEncoding = 4; lastKnownFileType = sourcecode.c.h; path = SVGSVGElement_Mutable.h; sourceTree = "<group>"; };
		D0FB8445296EC13B0079482A /* SVGKImage.h */ = {isa = PBXFileReference; fileEncoding = 4; lastKnownFileType = sourcecode.c.h; path = SVGKImage.h; sourceTree = "<group>"; };
		D0FB8446296EC13B0079482A /* SVGKSource.h */ = {isa = PBXFileReference; fileEncoding = 4; lastKnownFileType = sourcecode.c.h; path = SVGKSource.h; sourceTree = "<group>"; };
		D0FB8447296EC13B0079482A /* DocumentCSS.h */ = {isa = PBXFileReference; fileEncoding = 4; lastKnownFileType = sourcecode.c.h; path = DocumentCSS.h; sourceTree = "<group>"; };
		D0FB8448296EC13B0079482A /* SVGGradientStop.h */ = {isa = PBXFileReference; fileEncoding = 4; lastKnownFileType = sourcecode.c.h; path = SVGGradientStop.h; sourceTree = "<group>"; };
		D0FB8449296EC13B0079482A /* SVGPolygonElement.h */ = {isa = PBXFileReference; fileEncoding = 4; lastKnownFileType = sourcecode.c.h; path = SVGPolygonElement.h; sourceTree = "<group>"; };
		D0FB844A296EC13B0079482A /* DocumentType.h */ = {isa = PBXFileReference; fileEncoding = 4; lastKnownFileType = sourcecode.c.h; path = DocumentType.h; sourceTree = "<group>"; };
		D0FB844B296EC13B0079482A /* SVGTextContentElement.h */ = {isa = PBXFileReference; fileEncoding = 4; lastKnownFileType = sourcecode.c.h; path = SVGTextContentElement.h; sourceTree = "<group>"; };
		D0FB844C296EC13B0079482A /* SVGHelperUtilities.h */ = {isa = PBXFileReference; fileEncoding = 4; lastKnownFileType = sourcecode.c.h; path = SVGHelperUtilities.h; sourceTree = "<group>"; };
		D0FB844D296EC13B0079482A /* DOMHelperUtilities.h */ = {isa = PBXFileReference; fileEncoding = 4; lastKnownFileType = sourcecode.c.h; path = DOMHelperUtilities.h; sourceTree = "<group>"; };
		D0FB844E296EC13B0079482A /* SVGPreserveAspectRatio.h */ = {isa = PBXFileReference; fileEncoding = 4; lastKnownFileType = sourcecode.c.h; path = SVGPreserveAspectRatio.h; sourceTree = "<group>"; };
		D0FB844F296EC13B0079482A /* SVGElement.h */ = {isa = PBXFileReference; fileEncoding = 4; lastKnownFileType = sourcecode.c.h; path = SVGElement.h; sourceTree = "<group>"; };
		D0FB8450296EC13B0079482A /* SVGGradientElement.h */ = {isa = PBXFileReference; fileEncoding = 4; lastKnownFileType = sourcecode.c.h; path = SVGGradientElement.h; sourceTree = "<group>"; };
		D0FB8451296EC13B0079482A /* SVGUtils.h */ = {isa = PBXFileReference; fileEncoding = 4; lastKnownFileType = sourcecode.c.h; path = SVGUtils.h; sourceTree = "<group>"; };
		D0FB8452296EC13B0079482A /* NamedNodeMap.h */ = {isa = PBXFileReference; fileEncoding = 4; lastKnownFileType = sourcecode.c.h; path = NamedNodeMap.h; sourceTree = "<group>"; };
		D0FB8453296EC13B0079482A /* AppleSucksDOMImplementation.h */ = {isa = PBXFileReference; fileEncoding = 4; lastKnownFileType = sourcecode.c.h; path = AppleSucksDOMImplementation.h; sourceTree = "<group>"; };
		D0FB8454296EC13B0079482A /* StyleSheetList.h */ = {isa = PBXFileReference; fileEncoding = 4; lastKnownFileType = sourcecode.c.h; path = StyleSheetList.h; sourceTree = "<group>"; };
		D0FB8455296EC13B0079482A /* SVGPoint.h */ = {isa = PBXFileReference; fileEncoding = 4; lastKnownFileType = sourcecode.c.h; path = SVGPoint.h; sourceTree = "<group>"; };
		D0FB8456296EC13B0079482A /* SVGClipPathElement.h */ = {isa = PBXFileReference; fileEncoding = 4; lastKnownFileType = sourcecode.c.h; path = SVGClipPathElement.h; sourceTree = "<group>"; };
		D0FB8457296EC13B0079482A /* SVGKParserDefsAndUse.h */ = {isa = PBXFileReference; fileEncoding = 4; lastKnownFileType = sourcecode.c.h; path = SVGKParserDefsAndUse.h; sourceTree = "<group>"; };
		D0FB8458296EC13B0079482A /* SVGKit.h */ = {isa = PBXFileReference; fileEncoding = 4; lastKnownFileType = sourcecode.c.h; path = SVGKit.h; sourceTree = "<group>"; };
		D0FB8459296EC13B0079482A /* SVGSVGElement.h */ = {isa = PBXFileReference; fileEncoding = 4; lastKnownFileType = sourcecode.c.h; path = SVGSVGElement.h; sourceTree = "<group>"; };
		D0FB845A296EC13B0079482A /* SVGDescriptionElement.h */ = {isa = PBXFileReference; fileEncoding = 4; lastKnownFileType = sourcecode.c.h; path = SVGDescriptionElement.h; sourceTree = "<group>"; };
		D0FB845B296EC13B0079482A /* SVGLineElement.h */ = {isa = PBXFileReference; fileEncoding = 4; lastKnownFileType = sourcecode.c.h; path = SVGLineElement.h; sourceTree = "<group>"; };
		D0FB845C296EC13B0079482A /* SVGStylable.h */ = {isa = PBXFileReference; fileEncoding = 4; lastKnownFileType = sourcecode.c.h; path = SVGStylable.h; sourceTree = "<group>"; };
		D0FB845D296EC13B0079482A /* SVGElementInstance_Mutable.h */ = {isa = PBXFileReference; fileEncoding = 4; lastKnownFileType = sourcecode.c.h; path = SVGElementInstance_Mutable.h; sourceTree = "<group>"; };
		D0FB845E296EC13B0079482A /* SVGFitToViewBox.h */ = {isa = PBXFileReference; fileEncoding = 4; lastKnownFileType = sourcecode.c.h; path = SVGFitToViewBox.h; sourceTree = "<group>"; };
		D0FB845F296EC13B0079482A /* CGPathAdditions.h */ = {isa = PBXFileReference; fileEncoding = 4; lastKnownFileType = sourcecode.c.h; path = CGPathAdditions.h; sourceTree = "<group>"; };
		D0FB8460296EC13B0079482A /* StyleSheet.h */ = {isa = PBXFileReference; fileEncoding = 4; lastKnownFileType = sourcecode.c.h; path = StyleSheet.h; sourceTree = "<group>"; };
		D0FB8461296EC13B0079482A /* libSVGKit-iOS.2.0.0.a */ = {isa = PBXFileReference; lastKnownFileType = archive.ar; path = "libSVGKit-iOS.2.0.0.a"; sourceTree = "<group>"; };
		FA1A19B2028BB11225624E57 /* Pods-StayFit.debug.xcconfig */ = {isa = PBXFileReference; includeInIndex = 1; lastKnownFileType = text.xcconfig; name = "Pods-StayFit.debug.xcconfig"; path = "Target Support Files/Pods-StayFit/Pods-StayFit.debug.xcconfig"; sourceTree = "<group>"; };
/* End PBXFileReference section */

/* Begin PBXFrameworksBuildPhase section */
		D0049D87296C1918009FFDD9 /* Frameworks */ = {
			isa = PBXFrameworksBuildPhase;
			buildActionMask = 2147483647;
			files = (
				D0FB8462296EC13B0079482A /* libSVGKit-iOS.2.0.0.a in Frameworks */,
				7848B8A91BE5223FD5AE8987 /* Pods_StayFit.framework in Frameworks */,
				D0FB83DA296EBFCE0079482A /* CocoaLumberjack.framework in Frameworks */,
			);
			runOnlyForDeploymentPostprocessing = 0;
		};
/* End PBXFrameworksBuildPhase section */

/* Begin PBXGroup section */
		8ECD5A4001077424421D9511 /* Pods */ = {
			isa = PBXGroup;
			children = (
				FA1A19B2028BB11225624E57 /* Pods-StayFit.debug.xcconfig */,
				7C532F16D8D7AB7318E1EAEB /* Pods-StayFit.release.xcconfig */,
			);
			path = Pods;
			sourceTree = "<group>";
		};
		D0049D81296C1917009FFDD9 = {
			isa = PBXGroup;
			children = (
				D0049D8C296C1918009FFDD9 /* StayFit */,
				D0049D8B296C1918009FFDD9 /* Products */,
				8ECD5A4001077424421D9511 /* Pods */,
				F119059B1A807C3404A6EE27 /* Frameworks */,
			);
			sourceTree = "<group>";
		};
		D0049D8B296C1918009FFDD9 /* Products */ = {
			isa = PBXGroup;
			children = (
				D0049D8A296C1918009FFDD9 /* StayFit.app */,
			);
			name = Products;
			sourceTree = "<group>";
		};
		D0049D8C296C1918009FFDD9 /* StayFit */ = {
			isa = PBXGroup;
			children = (
				D0FB83DB296EC1080079482A /* SVGFiles */,
				D0FB834C296EB8950079482A /* StayFit-Bridging-Header.h */,
				D0049DB9296C2295009FFDD9 /* FontPlists */,
				D0049DAB296C1C5E009FFDD9 /* Common */,
				D0049DA1296C1923009FFDD9 /* AppDelegate */,
				D0049DA2296C1938009FFDD9 /* PreLogin */,
				D0049DA3296C193F009FFDD9 /* PostLogin */,
				D0049D91296C1918009FFDD9 /* ViewController.swift */,
				D0049D93296C1918009FFDD9 /* Main.storyboard */,
				D0049D96296C1919009FFDD9 /* Assets.xcassets */,
				D0049D98296C191A009FFDD9 /* LaunchScreen.storyboard */,
				D0049D9B296C191A009FFDD9 /* Info.plist */,
			);
			path = StayFit;
			sourceTree = "<group>";
		};
		D0049DA1296C1923009FFDD9 /* AppDelegate */ = {
			isa = PBXGroup;
			children = (
				D0049D8D296C1918009FFDD9 /* AppDelegate.swift */,
				D0049D8F296C1918009FFDD9 /* SceneDelegate.swift */,
			);
			path = AppDelegate;
			sourceTree = "<group>";
		};
		D0049DA2296C1938009FFDD9 /* PreLogin */ = {
			isa = PBXGroup;
			children = (
				D0049DB0296C1CCE009FFDD9 /* Login */,
				D0049DAF296C1CC6009FFDD9 /* Registration */,
				D0049DA4296C194D009FFDD9 /* LaunchScreen */,
			);
			path = PreLogin;
			sourceTree = "<group>";
		};
		D0049DA3296C193F009FFDD9 /* PostLogin */ = {
			isa = PBXGroup;
			children = (
			);
			path = PostLogin;
			sourceTree = "<group>";
		};
		D0049DA4296C194D009FFDD9 /* LaunchScreen */ = {
			isa = PBXGroup;
			children = (
				D0049DA6296C1968009FFDD9 /* Controller */,
				D0049DA5296C1960009FFDD9 /* Storyboard */,
			);
			path = LaunchScreen;
			sourceTree = "<group>";
		};
		D0049DA5296C1960009FFDD9 /* Storyboard */ = {
			isa = PBXGroup;
			children = (
				D0049DA7296C199F009FFDD9 /* SplashScreen.storyboard */,
			);
			path = Storyboard;
			sourceTree = "<group>";
		};
		D0049DA6296C1968009FFDD9 /* Controller */ = {
			isa = PBXGroup;
			children = (
				D0049DA9296C19BC009FFDD9 /* SplashViewController.swift */,
			);
			path = Controller;
			sourceTree = "<group>";
		};
		D0049DAB296C1C5E009FFDD9 /* Common */ = {
			isa = PBXGroup;
			children = (
				D0049DD6296C294C009FFDD9 /* Identifiers */,
				D0049DD0296C2640009FFDD9 /* Enum */,
				D0049DCE296C260E009FFDD9 /* Extension */,
				D0049DCA296C259D009FFDD9 /* Constants */,
				D0049DC7296C240F009FFDD9 /* Utils */,
				D0049DC4296C2300009FFDD9 /* ThemeConstants */,
				D0049DAC296C1C64009FFDD9 /* CustomTextfield */,
			);
			path = Common;
			sourceTree = "<group>";
		};
		D0049DAC296C1C64009FFDD9 /* CustomTextfield */ = {
			isa = PBXGroup;
			children = (
				D0049DAD296C1C76009FFDD9 /* CustomTextField.swift */,
			);
			path = CustomTextfield;
			sourceTree = "<group>";
		};
		D0049DAF296C1CC6009FFDD9 /* Registration */ = {
			isa = PBXGroup;
			children = (
				D0049DB2296C1CD9009FFDD9 /* Controller */,
				D0049DB1296C1CD3009FFDD9 /* Storyboard */,
			);
			path = Registration;
			sourceTree = "<group>";
		};
		D0049DB0296C1CCE009FFDD9 /* Login */ = {
			isa = PBXGroup;
			children = (
			);
			path = Login;
			sourceTree = "<group>";
		};
		D0049DB1296C1CD3009FFDD9 /* Storyboard */ = {
			isa = PBXGroup;
			children = (
				D0049DB3296C1CE5009FFDD9 /* Register.storyboard */,
			);
			path = Storyboard;
			sourceTree = "<group>";
		};
		D0049DB2296C1CD9009FFDD9 /* Controller */ = {
			isa = PBXGroup;
			children = (
				D0049DB5296C1CFE009FFDD9 /* RegisterBaseViewController.swift */,
				D0049DB7296C1E44009FFDD9 /* OnboardingViewController.swift */,
			);
			path = Controller;
			sourceTree = "<group>";
		};
		D0049DB9296C2295009FFDD9 /* FontPlists */ = {
			isa = PBXGroup;
			children = (
				D0049DBC296C22C1009FFDD9 /* iPhone.plist */,
				D0049DBB296C22C1009FFDD9 /* iPhone6.plist */,
				D0049DBE296C22C1009FFDD9 /* iPhone6Plus.plist */,
				D0049DBA296C22C1009FFDD9 /* iPhone11.plist */,
				D0049DBD296C22C1009FFDD9 /* Normal.plist */,
			);
			path = FontPlists;
			sourceTree = "<group>";
		};
		D0049DC4296C2300009FFDD9 /* ThemeConstants */ = {
			isa = PBXGroup;
			children = (
				D0049DC5296C2314009FFDD9 /* ThemeConstants.swift */,
			);
			path = ThemeConstants;
			sourceTree = "<group>";
		};
		D0049DC7296C240F009FFDD9 /* Utils */ = {
			isa = PBXGroup;
			children = (
				D0049DC8296C24A1009FFDD9 /* Utils.swift */,
			);
			path = Utils;
			sourceTree = "<group>";
		};
		D0049DCA296C259D009FFDD9 /* Constants */ = {
			isa = PBXGroup;
			children = (
				D0049DCB296C25AA009FFDD9 /* Constants.swift */,
			);
			path = Constants;
			sourceTree = "<group>";
		};
		D0049DCE296C260E009FFDD9 /* Extension */ = {
			isa = PBXGroup;
			children = (
				D0049DD4296C27AE009FFDD9 /* Extensions.swift */,
			);
			path = Extension;
			sourceTree = "<group>";
		};
		D0049DD0296C2640009FFDD9 /* Enum */ = {
			isa = PBXGroup;
			children = (
				D0049DD2296C2656009FFDD9 /* Enum.swift */,
			);
			path = Enum;
			sourceTree = "<group>";
		};
		D0049DD6296C294C009FFDD9 /* Identifiers */ = {
			isa = PBXGroup;
			children = (
				D0049DD7296C296A009FFDD9 /* Storyboard.swift */,
			);
			path = Identifiers;
			sourceTree = "<group>";
		};
		D0FB83DB296EC1080079482A /* SVGFiles */ = {
			isa = PBXGroup;
			children = (
				D0FB83DC296EC13B0079482A /* SVGManager */,
			);
			path = SVGFiles;
			sourceTree = "<group>";
		};
		D0FB83DC296EC13B0079482A /* SVGManager */ = {
			isa = PBXGroup;
			children = (
				D0FB83DD296EC13B0079482A /* usr */,
				D0FB8461296EC13B0079482A /* libSVGKit-iOS.2.0.0.a */,
			);
			path = SVGManager;
			sourceTree = "<group>";
		};
		D0FB83DD296EC13B0079482A /* usr */ = {
			isa = PBXGroup;
			children = (
				D0FB83DE296EC13B0079482A /* local */,
			);
			path = usr;
			sourceTree = "<group>";
		};
		D0FB83DE296EC13B0079482A /* local */ = {
			isa = PBXGroup;
			children = (
				D0FB83DF296EC13B0079482A /* include */,
			);
			path = local;
			sourceTree = "<group>";
		};
		D0FB83DF296EC13B0079482A /* include */ = {
			isa = PBXGroup;
			children = (
				D0FB83E0296EC13B0079482A /* include */,
			);
			path = include;
			sourceTree = "<group>";
		};
		D0FB83E0296EC13B0079482A /* include */ = {
			isa = PBXGroup;
			children = (
				D0FB83E1296EC13B0079482A /* CSSPrimitiveValue.h */,
				D0FB83E2296EC13B0079482A /* CSSRuleList+Mutable.h */,
				D0FB83E3296EC13B0079482A /* SVGKLayer.h */,
				D0FB83E4296EC13B0079482A /* CSSStyleSheet.h */,
				D0FB83E5296EC13B0079482A /* ConverterSVGToCALayer.h */,
				D0FB83E6296EC13B0079482A /* SVGViewSpec.h */,
				D0FB83E7296EC13B0079482A /* SVGKPattern.h */,
				D0FB83E8296EC13B0079482A /* Node+Mutable.h */,
				D0FB83E9296EC13B0079482A /* SVGKParserStyles.h */,
				D0FB83EA296EC13B0079482A /* SVGNumber.h */,
				D0FB83EB296EC13B0079482A /* SVGDocument_Mutable.h */,
				D0FB83EC296EC13B0079482A /* NodeList.h */,
				D0FB83ED296EC13B0079482A /* Attr.h */,
				D0FB83EE296EC13B0079482A /* DocumentFragment.h */,
				D0FB83EF296EC13B0079482A /* CDATASection.h */,
				D0FB83F0296EC13B0079482A /* SVGRect.h */,
				D0FB83F1296EC13B0079482A /* CSSValueList.h */,
				D0FB83F2296EC13B0079482A /* NodeList+Mutable.h */,
				D0FB83F3296EC13B0079482A /* SVGRectElement.h */,
				D0FB83F4296EC13B0079482A /* NamedNodeMap_Iterable.h */,
				D0FB83F5296EC13B0079482A /* SVGSwitchElement.h */,
				D0FB83F6296EC13B0079482A /* SVGPolylineElement.h */,
				D0FB83F7296EC13B0079482A /* NSCharacterSet+SVGKExtensions.h */,
				D0FB83F8296EC13B0079482A /* ProcessingInstruction.h */,
				D0FB83F9296EC13B0079482A /* DOMGlobalSettings.h */,
				D0FB83FA296EC13B0079482A /* SVGGroupElement.h */,
				D0FB83FB296EC13B0079482A /* SVGImageElement.h */,
				D0FB83FC296EC13B0079482A /* CALayer+RecursiveClone.h */,
				D0FB83FD296EC13B0079482A /* Text.h */,
				D0FB83FE296EC13B0079482A /* SVGKParserExtension.h */,
				D0FB83FF296EC13B0079482A /* SVGAnimatedPreserveAspectRatio.h */,
				D0FB8400296EC13B0079482A /* CALayerExporter.h */,
				D0FB8401296EC13B0079482A /* BaseClassForAllSVGBasicShapes.h */,
				D0FB8402296EC13B0079482A /* SVGEllipseElement.h */,
				D0FB8403296EC13B0079482A /* NSData+NSInputStream.h */,
				D0FB8404296EC13B0079482A /* SVGCircleElement.h */,
				D0FB8405296EC13B0079482A /* SVGKPointsAndPathsParser.h */,
				D0FB8406296EC13B0079482A /* SVGPathElement.h */,
				D0FB8407296EC13B0079482A /* Document+Mutable.h */,
				D0FB8408296EC13B0079482A /* SVGUseElement_Mutable.h */,
				D0FB8409296EC13B0079482A /* CSSValue_ForSubclasses.h */,
				D0FB840A296EC13B0079482A /* SVGKParserDOM.h */,
				D0FB840B296EC13B0079482A /* SVGKParserGradient.h */,
				D0FB840C296EC13B0079482A /* CAShapeLayerWithHitTest.h */,
				D0FB840D296EC13B0079482A /* SVGKImageView.h */,
				D0FB840E296EC13B0079482A /* SVGDocument.h */,
				D0FB840F296EC13B0079482A /* SVGKParseResult.h */,
				D0FB8410296EC13B0079482A /* TinySVGTextAreaElement.h */,
				D0FB8411296EC13B0079482A /* SVGKImage+CGContext.h */,
				D0FB8412296EC13B0079482A /* CALayerWithChildHitTest.h */,
				D0FB8413296EC13B0079482A /* Comment.h */,
				D0FB8414296EC13B0079482A /* SVGKExporterNSData.h */,
				D0FB8415296EC13B0079482A /* SVGTextPositioningElement_Mutable.h */,
				D0FB8416296EC13B0079482A /* BaseClassForAllSVGBasicShapes_ForSubclasses.h */,
				D0FB8417296EC13B0079482A /* CSSStyleDeclaration.h */,
				D0FB8418296EC13B0079482A /* SVGStyleCatcher.h */,
				D0FB8419296EC13B0079482A /* SVGAngle.h */,
				D0FB841A296EC13B0079482A /* SVGUseElement.h */,
				D0FB841B296EC13B0079482A /* StyleSheetList+Mutable.h */,
				D0FB841C296EC13B0079482A /* SVGKSourceURL.h */,
				D0FB841D296EC13B0079482A /* SVGKSourceLocalFile.h */,
				D0FB841E296EC13B0079482A /* Node.h */,
				D0FB841F296EC13B0079482A /* SVGTransform.h */,
				D0FB8420296EC13B0079482A /* SVGKSourceNSData.h */,
				D0FB8421296EC13B0079482A /* CSSStyleRule.h */,
				D0FB8422296EC13B0079482A /* SVGStyleElement.h */,
				D0FB8423296EC13B0079482A /* SVGLength.h */,
				D0FB8424296EC13B0079482A /* SVGKParserPatternsAndGradients.h */,
				D0FB8425296EC13B0079482A /* SVGKExporterUIImage.h */,
				D0FB8426296EC13B0079482A /* MediaList.h */,
				D0FB8427296EC13B0079482A /* SVGKParserSVG.h */,
				D0FB8428296EC13B0079482A /* CharacterData.h */,
				D0FB8429296EC13B0079482A /* SVGTextElement.h */,
				D0FB842A296EC13B0079482A /* DocumentStyle.h */,
				D0FB842B296EC13B0079482A /* SVGTransformable.h */,
				D0FB842C296EC13B0079482A /* SVGDefsElement.h */,
				D0FB842D296EC13B0079482A /* CSSRuleList.h */,
				D0FB842E296EC13B0079482A /* SVGTextPositioningElement.h */,
				D0FB842F296EC13B0079482A /* CSSRule.h */,
				D0FB8430296EC13B0079482A /* SVGElementInstanceList.h */,
				D0FB8431296EC13B0079482A /* Element.h */,
				D0FB8432296EC13B0079482A /* SVGKSourceString.h */,
				D0FB8433296EC13B0079482A /* SVGGElement.h */,
				D0FB8434296EC13B0079482A /* SVGGradientLayer.h */,
				D0FB8435296EC13B0079482A /* SVGUnitTypes.h */,
				D0FB8436296EC13B0079482A /* SVGElementInstanceList_Internal.h */,
				D0FB8437296EC13B0079482A /* SVGKFastImageView.h */,
				D0FB8438296EC13B0079482A /* SVGElement_ForParser.h */,
				D0FB8439296EC13B0079482A /* SVGKParser.h */,
				D0FB843A296EC13B0079482A /* SVGMatrix.h */,
				D0FB843B296EC13B0079482A /* EntityReference.h */,
				D0FB843C296EC13B0079482A /* SVGElementInstance.h */,
				D0FB843D296EC13B0079482A /* CSSValue.h */,
				D0FB843E296EC13B0079482A /* CSSPrimitiveValue_ConfigurablePixelsPerInch.h */,
				D0FB843F296EC13B0079482A /* SVGKLayeredImageView.h */,
				D0FB8440296EC13B0079482A /* Document.h */,
				D0FB8441296EC13B0079482A /* CAShapeLayerWithClipRender.h */,
				D0FB8442296EC13B0079482A /* SVGTitleElement.h */,
				D0FB8443296EC13B0079482A /* CALayerWithClipRender.h */,
				D0FB8444296EC13B0079482A /* SVGSVGElement_Mutable.h */,
				D0FB8445296EC13B0079482A /* SVGKImage.h */,
				D0FB8446296EC13B0079482A /* SVGKSource.h */,
				D0FB8447296EC13B0079482A /* DocumentCSS.h */,
				D0FB8448296EC13B0079482A /* SVGGradientStop.h */,
				D0FB8449296EC13B0079482A /* SVGPolygonElement.h */,
				D0FB844A296EC13B0079482A /* DocumentType.h */,
				D0FB844B296EC13B0079482A /* SVGTextContentElement.h */,
				D0FB844C296EC13B0079482A /* SVGHelperUtilities.h */,
				D0FB844D296EC13B0079482A /* DOMHelperUtilities.h */,
				D0FB844E296EC13B0079482A /* SVGPreserveAspectRatio.h */,
				D0FB844F296EC13B0079482A /* SVGElement.h */,
				D0FB8450296EC13B0079482A /* SVGGradientElement.h */,
				D0FB8451296EC13B0079482A /* SVGUtils.h */,
				D0FB8452296EC13B0079482A /* NamedNodeMap.h */,
				D0FB8453296EC13B0079482A /* AppleSucksDOMImplementation.h */,
				D0FB8454296EC13B0079482A /* StyleSheetList.h */,
				D0FB8455296EC13B0079482A /* SVGPoint.h */,
				D0FB8456296EC13B0079482A /* SVGClipPathElement.h */,
				D0FB8457296EC13B0079482A /* SVGKParserDefsAndUse.h */,
				D0FB8458296EC13B0079482A /* SVGKit.h */,
				D0FB8459296EC13B0079482A /* SVGSVGElement.h */,
				D0FB845A296EC13B0079482A /* SVGDescriptionElement.h */,
				D0FB845B296EC13B0079482A /* SVGLineElement.h */,
				D0FB845C296EC13B0079482A /* SVGStylable.h */,
				D0FB845D296EC13B0079482A /* SVGElementInstance_Mutable.h */,
				D0FB845E296EC13B0079482A /* SVGFitToViewBox.h */,
				D0FB845F296EC13B0079482A /* CGPathAdditions.h */,
				D0FB8460296EC13B0079482A /* StyleSheet.h */,
			);
			path = include;
			sourceTree = "<group>";
		};
		F119059B1A807C3404A6EE27 /* Frameworks */ = {
			isa = PBXGroup;
			children = (
				D0FB83D9296EBFCE0079482A /* CocoaLumberjack.framework */,
				3579F538D8CBF18228215CE6 /* Pods_StayFit.framework */,
			);
			name = Frameworks;
			sourceTree = "<group>";
		};
/* End PBXGroup section */

/* Begin PBXNativeTarget section */
		D0049D89296C1918009FFDD9 /* StayFit */ = {
			isa = PBXNativeTarget;
			buildConfigurationList = D0049D9E296C191A009FFDD9 /* Build configuration list for PBXNativeTarget "StayFit" */;
			buildPhases = (
				2C6D3CE100AA51EE207C98F3 /* [CP] Check Pods Manifest.lock */,
				D0049D86296C1918009FFDD9 /* Sources */,
				D0049D87296C1918009FFDD9 /* Frameworks */,
				D0049D88296C1918009FFDD9 /* Resources */,
				5458533AC992771C79736FC5 /* [CP] Embed Pods Frameworks */,
				D0FB83D8296EBA1F0079482A /* Embed Frameworks */,
			);
			buildRules = (
			);
			dependencies = (
			);
			name = StayFit;
			productName = StayFit;
			productReference = D0049D8A296C1918009FFDD9 /* StayFit.app */;
			productType = "com.apple.product-type.application";
		};
/* End PBXNativeTarget section */

/* Begin PBXProject section */
		D0049D82296C1917009FFDD9 /* Project object */ = {
			isa = PBXProject;
			attributes = {
				BuildIndependentTargetsInParallel = 1;
				LastSwiftUpdateCheck = 1330;
				LastUpgradeCheck = 1330;
				TargetAttributes = {
					D0049D89296C1918009FFDD9 = {
						CreatedOnToolsVersion = 13.3;
					};
				};
			};
			buildConfigurationList = D0049D85296C1917009FFDD9 /* Build configuration list for PBXProject "StayFit" */;
			compatibilityVersion = "Xcode 13.0";
			developmentRegion = en;
			hasScannedForEncodings = 0;
			knownRegions = (
				en,
				Base,
			);
			mainGroup = D0049D81296C1917009FFDD9;
			productRefGroup = D0049D8B296C1918009FFDD9 /* Products */;
			projectDirPath = "";
			projectRoot = "";
			targets = (
				D0049D89296C1918009FFDD9 /* StayFit */,
			);
		};
/* End PBXProject section */

/* Begin PBXResourcesBuildPhase section */
		D0049D88296C1918009FFDD9 /* Resources */ = {
			isa = PBXResourcesBuildPhase;
			buildActionMask = 2147483647;
			files = (
				D0049DC0296C22C1009FFDD9 /* iPhone6.plist in Resources */,
				D0049DC1296C22C1009FFDD9 /* iPhone.plist in Resources */,
				D0049DC3296C22C1009FFDD9 /* iPhone6Plus.plist in Resources */,
				D0049DA8296C199F009FFDD9 /* SplashScreen.storyboard in Resources */,
				D0049D9A296C191A009FFDD9 /* LaunchScreen.storyboard in Resources */,
				D0049D97296C1919009FFDD9 /* Assets.xcassets in Resources */,
				D0049DC2296C22C1009FFDD9 /* Normal.plist in Resources */,
				D0049DBF296C22C1009FFDD9 /* iPhone11.plist in Resources */,
				D0049D95296C1918009FFDD9 /* Main.storyboard in Resources */,
				D0049DB4296C1CE5009FFDD9 /* Register.storyboard in Resources */,
			);
			runOnlyForDeploymentPostprocessing = 0;
		};
/* End PBXResourcesBuildPhase section */

/* Begin PBXShellScriptBuildPhase section */
		2C6D3CE100AA51EE207C98F3 /* [CP] Check Pods Manifest.lock */ = {
			isa = PBXShellScriptBuildPhase;
			buildActionMask = 2147483647;
			files = (
			);
			inputFileListPaths = (
			);
			inputPaths = (
				"${PODS_PODFILE_DIR_PATH}/Podfile.lock",
				"${PODS_ROOT}/Manifest.lock",
			);
			name = "[CP] Check Pods Manifest.lock";
			outputFileListPaths = (
			);
			outputPaths = (
				"$(DERIVED_FILE_DIR)/Pods-StayFit-checkManifestLockResult.txt",
			);
			runOnlyForDeploymentPostprocessing = 0;
			shellPath = /bin/sh;
			shellScript = "diff \"${PODS_PODFILE_DIR_PATH}/Podfile.lock\" \"${PODS_ROOT}/Manifest.lock\" > /dev/null\nif [ $? != 0 ] ; then\n    # print error to STDERR\n    echo \"error: The sandbox is not in sync with the Podfile.lock. Run 'pod install' or update your CocoaPods installation.\" >&2\n    exit 1\nfi\n# This output is used by Xcode 'outputs' to avoid re-running this script phase.\necho \"SUCCESS\" > \"${SCRIPT_OUTPUT_FILE_0}\"\n";
			showEnvVarsInLog = 0;
		};
		5458533AC992771C79736FC5 /* [CP] Embed Pods Frameworks */ = {
			isa = PBXShellScriptBuildPhase;
			buildActionMask = 2147483647;
			files = (
			);
			inputFileListPaths = (
				"${PODS_ROOT}/Target Support Files/Pods-StayFit/Pods-StayFit-frameworks-${CONFIGURATION}-input-files.xcfilelist",
			);
			name = "[CP] Embed Pods Frameworks";
			outputFileListPaths = (
				"${PODS_ROOT}/Target Support Files/Pods-StayFit/Pods-StayFit-frameworks-${CONFIGURATION}-output-files.xcfilelist",
			);
			runOnlyForDeploymentPostprocessing = 0;
			shellPath = /bin/sh;
			shellScript = "\"${PODS_ROOT}/Target Support Files/Pods-StayFit/Pods-StayFit-frameworks.sh\"\n";
			showEnvVarsInLog = 0;
		};
/* End PBXShellScriptBuildPhase section */

/* Begin PBXSourcesBuildPhase section */
		D0049D86296C1918009FFDD9 /* Sources */ = {
			isa = PBXSourcesBuildPhase;
			buildActionMask = 2147483647;
			files = (
				D0049D92296C1918009FFDD9 /* ViewController.swift in Sources */,
				D0049D8E296C1918009FFDD9 /* AppDelegate.swift in Sources */,
				D0049DC9296C24A1009FFDD9 /* Utils.swift in Sources */,
				D0049DB6296C1CFE009FFDD9 /* RegisterBaseViewController.swift in Sources */,
				D0049DD8296C296B009FFDD9 /* Storyboard.swift in Sources */,
				D0049DD3296C2656009FFDD9 /* Enum.swift in Sources */,
				D0049D90296C1918009FFDD9 /* SceneDelegate.swift in Sources */,
				D0049DCC296C25AA009FFDD9 /* Constants.swift in Sources */,
				D0049DD5296C27AE009FFDD9 /* Extensions.swift in Sources */,
				D0049DB8296C1E44009FFDD9 /* OnboardingViewController.swift in Sources */,
				D0049DAA296C19BC009FFDD9 /* SplashViewController.swift in Sources */,
				D0049DAE296C1C76009FFDD9 /* CustomTextField.swift in Sources */,
				D0049DC6296C2314009FFDD9 /* ThemeConstants.swift in Sources */,
			);
			runOnlyForDeploymentPostprocessing = 0;
		};
/* End PBXSourcesBuildPhase section */

/* Begin PBXVariantGroup section */
		D0049D93296C1918009FFDD9 /* Main.storyboard */ = {
			isa = PBXVariantGroup;
			children = (
				D0049D94296C1918009FFDD9 /* Base */,
			);
			name = Main.storyboard;
			sourceTree = "<group>";
		};
		D0049D98296C191A009FFDD9 /* LaunchScreen.storyboard */ = {
			isa = PBXVariantGroup;
			children = (
				D0049D99296C191A009FFDD9 /* Base */,
			);
			name = LaunchScreen.storyboard;
			sourceTree = "<group>";
		};
/* End PBXVariantGroup section */

/* Begin XCBuildConfiguration section */
		D0049D9C296C191A009FFDD9 /* Debug */ = {
			isa = XCBuildConfiguration;
			buildSettings = {
				ALWAYS_SEARCH_USER_PATHS = NO;
				CLANG_ANALYZER_NONNULL = YES;
				CLANG_ANALYZER_NUMBER_OBJECT_CONVERSION = YES_AGGRESSIVE;
				CLANG_CXX_LANGUAGE_STANDARD = "gnu++17";
				CLANG_ENABLE_MODULES = YES;
				CLANG_ENABLE_OBJC_ARC = YES;
				CLANG_ENABLE_OBJC_WEAK = YES;
				CLANG_WARN_BLOCK_CAPTURE_AUTORELEASING = YES;
				CLANG_WARN_BOOL_CONVERSION = YES;
				CLANG_WARN_COMMA = YES;
				CLANG_WARN_CONSTANT_CONVERSION = YES;
				CLANG_WARN_DEPRECATED_OBJC_IMPLEMENTATIONS = YES;
				CLANG_WARN_DIRECT_OBJC_ISA_USAGE = YES_ERROR;
				CLANG_WARN_DOCUMENTATION_COMMENTS = YES;
				CLANG_WARN_EMPTY_BODY = YES;
				CLANG_WARN_ENUM_CONVERSION = YES;
				CLANG_WARN_INFINITE_RECURSION = YES;
				CLANG_WARN_INT_CONVERSION = YES;
				CLANG_WARN_NON_LITERAL_NULL_CONVERSION = YES;
				CLANG_WARN_OBJC_IMPLICIT_RETAIN_SELF = YES;
				CLANG_WARN_OBJC_LITERAL_CONVERSION = YES;
				CLANG_WARN_OBJC_ROOT_CLASS = YES_ERROR;
				CLANG_WARN_QUOTED_INCLUDE_IN_FRAMEWORK_HEADER = YES;
				CLANG_WARN_RANGE_LOOP_ANALYSIS = YES;
				CLANG_WARN_STRICT_PROTOTYPES = YES;
				CLANG_WARN_SUSPICIOUS_MOVE = YES;
				CLANG_WARN_UNGUARDED_AVAILABILITY = YES_AGGRESSIVE;
				CLANG_WARN_UNREACHABLE_CODE = YES;
				CLANG_WARN__DUPLICATE_METHOD_MATCH = YES;
				COPY_PHASE_STRIP = NO;
				DEBUG_INFORMATION_FORMAT = dwarf;
				ENABLE_STRICT_OBJC_MSGSEND = YES;
				ENABLE_TESTABILITY = YES;
				GCC_C_LANGUAGE_STANDARD = gnu11;
				GCC_DYNAMIC_NO_PIC = NO;
				GCC_NO_COMMON_BLOCKS = YES;
				GCC_OPTIMIZATION_LEVEL = 0;
				GCC_PREPROCESSOR_DEFINITIONS = (
					"DEBUG=1",
					"$(inherited)",
				);
				GCC_WARN_64_TO_32_BIT_CONVERSION = YES;
				GCC_WARN_ABOUT_RETURN_TYPE = YES_ERROR;
				GCC_WARN_UNDECLARED_SELECTOR = YES;
				GCC_WARN_UNINITIALIZED_AUTOS = YES_AGGRESSIVE;
				GCC_WARN_UNUSED_FUNCTION = YES;
				GCC_WARN_UNUSED_VARIABLE = YES;
				IPHONEOS_DEPLOYMENT_TARGET = 15.4;
				MTL_ENABLE_DEBUG_INFO = INCLUDE_SOURCE;
				MTL_FAST_MATH = YES;
				ONLY_ACTIVE_ARCH = YES;
				SDKROOT = iphoneos;
				SWIFT_ACTIVE_COMPILATION_CONDITIONS = DEBUG;
				SWIFT_OPTIMIZATION_LEVEL = "-Onone";
			};
			name = Debug;
		};
		D0049D9D296C191A009FFDD9 /* Release */ = {
			isa = XCBuildConfiguration;
			buildSettings = {
				ALWAYS_SEARCH_USER_PATHS = NO;
				CLANG_ANALYZER_NONNULL = YES;
				CLANG_ANALYZER_NUMBER_OBJECT_CONVERSION = YES_AGGRESSIVE;
				CLANG_CXX_LANGUAGE_STANDARD = "gnu++17";
				CLANG_ENABLE_MODULES = YES;
				CLANG_ENABLE_OBJC_ARC = YES;
				CLANG_ENABLE_OBJC_WEAK = YES;
				CLANG_WARN_BLOCK_CAPTURE_AUTORELEASING = YES;
				CLANG_WARN_BOOL_CONVERSION = YES;
				CLANG_WARN_COMMA = YES;
				CLANG_WARN_CONSTANT_CONVERSION = YES;
				CLANG_WARN_DEPRECATED_OBJC_IMPLEMENTATIONS = YES;
				CLANG_WARN_DIRECT_OBJC_ISA_USAGE = YES_ERROR;
				CLANG_WARN_DOCUMENTATION_COMMENTS = YES;
				CLANG_WARN_EMPTY_BODY = YES;
				CLANG_WARN_ENUM_CONVERSION = YES;
				CLANG_WARN_INFINITE_RECURSION = YES;
				CLANG_WARN_INT_CONVERSION = YES;
				CLANG_WARN_NON_LITERAL_NULL_CONVERSION = YES;
				CLANG_WARN_OBJC_IMPLICIT_RETAIN_SELF = YES;
				CLANG_WARN_OBJC_LITERAL_CONVERSION = YES;
				CLANG_WARN_OBJC_ROOT_CLASS = YES_ERROR;
				CLANG_WARN_QUOTED_INCLUDE_IN_FRAMEWORK_HEADER = YES;
				CLANG_WARN_RANGE_LOOP_ANALYSIS = YES;
				CLANG_WARN_STRICT_PROTOTYPES = YES;
				CLANG_WARN_SUSPICIOUS_MOVE = YES;
				CLANG_WARN_UNGUARDED_AVAILABILITY = YES_AGGRESSIVE;
				CLANG_WARN_UNREACHABLE_CODE = YES;
				CLANG_WARN__DUPLICATE_METHOD_MATCH = YES;
				COPY_PHASE_STRIP = NO;
				DEBUG_INFORMATION_FORMAT = "dwarf-with-dsym";
				ENABLE_NS_ASSERTIONS = NO;
				ENABLE_STRICT_OBJC_MSGSEND = YES;
				GCC_C_LANGUAGE_STANDARD = gnu11;
				GCC_NO_COMMON_BLOCKS = YES;
				GCC_WARN_64_TO_32_BIT_CONVERSION = YES;
				GCC_WARN_ABOUT_RETURN_TYPE = YES_ERROR;
				GCC_WARN_UNDECLARED_SELECTOR = YES;
				GCC_WARN_UNINITIALIZED_AUTOS = YES_AGGRESSIVE;
				GCC_WARN_UNUSED_FUNCTION = YES;
				GCC_WARN_UNUSED_VARIABLE = YES;
				IPHONEOS_DEPLOYMENT_TARGET = 15.4;
				MTL_ENABLE_DEBUG_INFO = NO;
				MTL_FAST_MATH = YES;
				SDKROOT = iphoneos;
				SWIFT_COMPILATION_MODE = wholemodule;
				SWIFT_OPTIMIZATION_LEVEL = "-O";
				VALIDATE_PRODUCT = YES;
			};
			name = Release;
		};
		D0049D9F296C191A009FFDD9 /* Debug */ = {
			isa = XCBuildConfiguration;
			baseConfigurationReference = FA1A19B2028BB11225624E57 /* Pods-StayFit.debug.xcconfig */;
			buildSettings = {
				ASSETCATALOG_COMPILER_APPICON_NAME = AppIcon;
				ASSETCATALOG_COMPILER_GLOBAL_ACCENT_COLOR_NAME = AccentColor;
				CODE_SIGN_STYLE = Automatic;
				CURRENT_PROJECT_VERSION = 1;
				DEVELOPMENT_TEAM = Y77ZUFQ965;
				FRAMEWORK_SEARCH_PATHS = (
					"$(inherited)",
					"$(PROJECT_DIR)",
				);
				GENERATE_INFOPLIST_FILE = YES;
				INFOPLIST_FILE = StayFit/Info.plist;
				INFOPLIST_KEY_NSMainNibFile = Splashscreen;
				INFOPLIST_KEY_UIApplicationSupportsIndirectInputEvents = YES;
				INFOPLIST_KEY_UILaunchStoryboardName = SplashScreen;
				INFOPLIST_KEY_UIMainStoryboardFile = Main;
				INFOPLIST_KEY_UISupportedInterfaceOrientations_iPad = "UIInterfaceOrientationPortrait UIInterfaceOrientationPortraitUpsideDown UIInterfaceOrientationLandscapeLeft UIInterfaceOrientationLandscapeRight";
				INFOPLIST_KEY_UISupportedInterfaceOrientations_iPhone = "UIInterfaceOrientationPortrait UIInterfaceOrientationLandscapeLeft UIInterfaceOrientationLandscapeRight";
				IPHONEOS_DEPLOYMENT_TARGET = 12.2;
				LD_RUNPATH_SEARCH_PATHS = (
					"$(inherited)",
					"@executable_path/Frameworks",
				);
				LIBRARY_SEARCH_PATHS = (
					"$(inherited)",
					"$(PROJECT_DIR)/StayFit/SVGFiles/SVGManager",
					"$(PROJECT_DIR)/StayFit/SVGFile/SVGManager",
				);
				MARKETING_VERSION = 1.0;
				PRODUCT_BUNDLE_IDENTIFIER = app.StayFit;
				PRODUCT_NAME = "$(TARGET_NAME)";
				SWIFT_EMIT_LOC_STRINGS = YES;
				SWIFT_OBJC_BRIDGING_HEADER = "StayFit/StayFit-Bridging-Header.h";
				SWIFT_VERSION = 5.0;
				TARGETED_DEVICE_FAMILY = "1,2";
				VALIDATE_WORKSPACE = YES;
			};
			name = Debug;
		};
		D0049DA0296C191A009FFDD9 /* Release */ = {
			isa = XCBuildConfiguration;
			baseConfigurationReference = 7C532F16D8D7AB7318E1EAEB /* Pods-StayFit.release.xcconfig */;
			buildSettings = {
				ASSETCATALOG_COMPILER_APPICON_NAME = AppIcon;
				ASSETCATALOG_COMPILER_GLOBAL_ACCENT_COLOR_NAME = AccentColor;
				CODE_SIGN_STYLE = Automatic;
				CURRENT_PROJECT_VERSION = 1;
				DEVELOPMENT_TEAM = Y77ZUFQ965;
				FRAMEWORK_SEARCH_PATHS = (
					"$(inherited)",
					"$(PROJECT_DIR)",
				);
				GENERATE_INFOPLIST_FILE = YES;
				INFOPLIST_FILE = StayFit/Info.plist;
				INFOPLIST_KEY_NSMainNibFile = Splashscreen;
				INFOPLIST_KEY_UIApplicationSupportsIndirectInputEvents = YES;
				INFOPLIST_KEY_UILaunchStoryboardName = SplashScreen;
				INFOPLIST_KEY_UIMainStoryboardFile = Main;
				INFOPLIST_KEY_UISupportedInterfaceOrientations_iPad = "UIInterfaceOrientationPortrait UIInterfaceOrientationPortraitUpsideDown UIInterfaceOrientationLandscapeLeft UIInterfaceOrientationLandscapeRight";
				INFOPLIST_KEY_UISupportedInterfaceOrientations_iPhone = "UIInterfaceOrientationPortrait UIInterfaceOrientationLandscapeLeft UIInterfaceOrientationLandscapeRight";
				IPHONEOS_DEPLOYMENT_TARGET = 12.2;
				LD_RUNPATH_SEARCH_PATHS = (
					"$(inherited)",
					"@executable_path/Frameworks",
				);
				LIBRARY_SEARCH_PATHS = (
					"$(inherited)",
					"$(PROJECT_DIR)/StayFit/SVGFiles/SVGManager",
					"$(PROJECT_DIR)/StayFit/SVGFile/SVGManager",
				);
				MARKETING_VERSION = 1.0;
				PRODUCT_BUNDLE_IDENTIFIER = app.StayFit;
				PRODUCT_NAME = "$(TARGET_NAME)";
				SWIFT_EMIT_LOC_STRINGS = YES;
				SWIFT_OBJC_BRIDGING_HEADER = "StayFit/StayFit-Bridging-Header.h";
				SWIFT_VERSION = 5.0;
				TARGETED_DEVICE_FAMILY = "1,2";
				VALIDATE_WORKSPACE = YES;
			};
			name = Release;
		};
/* End XCBuildConfiguration section */

/* Begin XCConfigurationList section */
		D0049D85296C1917009FFDD9 /* Build configuration list for PBXProject "StayFit" */ = {
			isa = XCConfigurationList;
			buildConfigurations = (
				D0049D9C296C191A009FFDD9 /* Debug */,
				D0049D9D296C191A009FFDD9 /* Release */,
			);
			defaultConfigurationIsVisible = 0;
			defaultConfigurationName = Release;
		};
		D0049D9E296C191A009FFDD9 /* Build configuration list for PBXNativeTarget "StayFit" */ = {
			isa = XCConfigurationList;
			buildConfigurations = (
				D0049D9F296C191A009FFDD9 /* Debug */,
				D0049DA0296C191A009FFDD9 /* Release */,
			);
			defaultConfigurationIsVisible = 0;
			defaultConfigurationName = Release;
		};
/* End XCConfigurationList section */
	};
	rootObject = D0049D82296C1917009FFDD9 /* Project object */;
}
